version = 1
revision = 3
requires-python = ">=3.11"

[[package]]
name = "build"
version = "1.5.0"
source = { registry = "https://pypi.org/simple" }
dependencies = [
    { name = "colorama", marker = "os_name == 'nt'" },
    { name = "packaging" },
    { name = "pyproject-hooks" },
]
sdist = { url = "https://files.pythonhosted.org/packages/78/e0/df5e171f685f82f37b12e1f208064e24244911079d7b767447d1af7e0d70/build-1.5.0.tar.gz", hash = "sha256:302c22c3ba2a0fd5f3911918651341ebb3896176cbdec15bd421f80b1afc7647", size = 89796, upload-time = "2026-04-30T03:18:25.17Z" }
wheels = [
    { url = "https://files.pythonhosted.org/packages/0d/fe/6bea5c9162869c5beba5d9c8abbed835ec85bf1ec1fba05a3822325c45f3/build-1.5.0-py3-none-any.whl", hash = "sha256:13f3eecb844759ab66efec90ca17639bbf14dc06cb2fdf37a9010322d9c50a6f", size = 26018, upload-time = "2026-04-30T03:18:23.644Z" },
]

[[package]]
name = "colorama"
version = "0.4.6"
source = { registry = "https://pypi.org/simple" }
sdist = { url = "https://files.pythonhosted.org/packages/d8/53/6f443c9a4a8358a93a6792e2acffb9d9d5cb0a5cfd8802644b7b1c9a02e4/colorama-0.4.6.tar.gz", hash = "sha256:08695f5cb7ed6e0531a20572697297273c47b8cae5a63ffc6d6ed5c201be6e44", size = 27697, upload-time = "2022-10-25T02:36:22.414Z" }
wheels = [
    { url = "https://files.pythonhosted.org/packages/d1/d6/3965ed04c63042e047cb6a3e6ed1a63a35087b6a609aa3a15ed8ac56c221/colorama-0.4.6-py2.py3-none-any.whl", hash = "sha256:4f1d9991f5acc0ca119f9d443620b77f9d6b33703e51011c16baf57afb285fc6", size = 25335, upload-time = "2022-10-25T02:36:20.889Z" },
]

[[package]]
name = "jpype1"
version = "1.7.1"
source = { registry = "https://pypi.org/simple" }
dependencies = [
    { name = "packaging" },
]
sdist = { url = "https://files.pythonhosted.org/packages/48/a2/5d27e81d24eef64668bf702bfe0e091cc48388b4666f36e025243eb9d827/jpype1-1.7.1.tar.gz", hash = "sha256:3cd88838dc3d2d546f7eaeadaaff864e590010c15f2b6a44b6f37e60796a14b2", size = 783791, upload-time = "2026-05-06T23:55:10.664Z" }
wheels = [
    { url = "https://files.pythonhosted.org/packages/b7/c8/f0f306866dfa2bae97f83db48aa084ed049583f61dfba713124211b08fdf/jpype1-1.7.1-cp311-cp311-macosx_14_0_x86_64.whl", hash = "sha256:2e1459738e9baf560548965b364206890acf34e42673efcfe5048c2c1203e4cf", size = 375606, upload-time = "2026-05-06T23:54:01.62Z" },
    { url = "https://files.pythonhosted.org/packages/28/a9/08eb2c8556598043981692251180479babc56086c5464bb2631929b94acf/jpype1-1.7.1-cp311-cp311-manylinux_2_24_aarch64.manylinux_2_28_aarch64.whl", hash = "sha256:fc68b8e94ba5981e6142b4bcbbfa262ebe41438a679e0ebc2daf0759cc8d3e19", size = 408134, upload-time = "2026-05-06T23:54:04.251Z" },
    { url = "https://files.pythonhosted.org/packages/e2/61/36001f0979fa0fffa28dac49f44cbb642cfcbd9f67e090d7fb9a8ace9e80/jpype1-1.7.1-cp311-cp311-manylinux_2_24_i686.manylinux_2_28_i686.whl", hash = "sha256:47bc10f263fc8ea3f97e46a753e355a565c317a61109f298169fcc4365ff415f", size = 454588, upload-time = "2026-05-06T23:54:06.804Z" },
    { url = "https://files.pythonhosted.org/packages/c0/e7/140c78ee6c0804b1ff5eb8313eb76a29e49e973da810539cabf6d454e6bc/jpype1-1.7.1-cp311-cp311-manylinux_2_24_x86_64.manylinux_2_28_x86_64.whl", hash = "sha256:4cabb1d0c23bd8455ab0ef027a6a4b62d6e49c95b96ef8ff652ea83cbba6de6c", size = 439352, upload-time = "2026-05-06T23:54:09.416Z" },
    { url = "https://files.pythonhosted.org/packages/f2/38/8efa98a77f028895bb2cd6eb134b670334e376011f24e6c0f502f515987e/jpype1-1.7.1-cp311-cp311-win_amd64.whl", hash = "sha256:3af59fdbf1798158b01f1a68b7b19ff805a2d18175542434d6aa89e45d5e53b5", size = 357971, upload-time = "2026-05-06T23:54:11.74Z" },
    { url = "https://files.pythonhosted.org/packages/87/76/6a3aef14a4f21e0254a20f3ae446566274cf84e6079bad00ec784dab4dfa/jpype1-1.7.1-cp312-cp312-macosx_14_0_x86_64.whl", hash = "sha256:7328a61ae4945bd2963c15b7d7ead1d8dfc71ea784dec43dedbea4437d645843", size = 374560, upload-time = "2026-05-06T23:54:14.007Z" },
    { url = "https://files.pythonhosted.org/packages/72/ad/e2db5dae7cd821385096f607deb79bcdd25331c07a58608318d4dade2e48/jpype1-1.7.1-cp312-cp312-manylinux_2_24_aarch64.manylinux_2_28_aarch64.whl", hash = "sha256:158aee356b2c0bf489939d85f6fb31e54a800bd2d95a89b83e5bd7c07fdb048e", size = 407331, upload-time = "2026-05-06T23:54:15.87Z" },
    { url = "https://files.pythonhosted.org/packages/c3/97/f54c66ed8a9ce33fdc87991712260169c1f9ec514110e266b3a56b73ef13/jpype1-1.7.1-cp312-cp312-manylinux_2_24_i686.manylinux_2_28_i686.whl", hash = "sha256:1cde7f185ef36c2840daf9293423d609eace5b79c632e2267023d6c75ef52988", size = 453957, upload-time = "2026-05-06T23:54:18.684Z" },
    { url = "https://files.pythonhosted.org/packages/03/ed/bc55cc34dd54864a5a717c3f76ff2771961154325aef683d8e4b85b7c51a/jpype1-1.7.1-cp312-cp312-manylinux_2_24_x86_64.manylinux_2_28_x86_64.whl", hash = "sha256:4de86ec7f9f381c7aea8cbbecaa189c020e5fb700620bd96f4762f954757656b", size = 438525, upload-time = "2026-05-06T23:54:21.395Z" },
    { url = "https://files.pythonhosted.org/packages/ca/80/c0098bedd014bc9a1a8a349e40a1fc1408c79af28f6c32bdbb1a2b839c7b/jpype1-1.7.1-cp312-cp312-win_amd64.whl", hash = "sha256:d7dad528c73d02987358485dc37fab36edb9ad8bce53533e65f54cff1b68a4bc", size = 356985, upload-time = "2026-05-06T23:54:23.663Z" },
    { url = "https://files.pythonhosted.org/packages/22/1c/d3e60c3fefb0ed22afc27e7ed6032565f9c5cbf1452ff03129b8f7354195/jpype1-1.7.1-cp313-cp313-macosx_14_0_x86_64.whl", hash = "sha256:2c54e9c7b7df819631db2cc8e64eaded7884d7dfaa67c035c70de512a8987b34", size = 374581, upload-time = "2026-05-06T23:54:25.801Z" },
    { url = "https://files.pythonhosted.org/packages/6f/10/47d8327d96f6aa9049ea84189508ed446e81b233d8978d49b737b4a0df51/jpype1-1.7.1-cp313-cp313-manylinux_2_24_aarch64.manylinux_2_28_aarch64.whl", hash = "sha256:988d2db564b61ffcc4fa9533fb65e98037d869b866e02c145e49125554cad6cc", size = 407509, upload-time = "2026-05-06T23:54:27.94Z" },
    { url = "https://files.pythonhosted.org/packages/47/bd/995f4ac18eb3016c3819af5ce0c1a89e94f1cbefc560db688118b32eab3d/jpype1-1.7.1-cp313-cp313-manylinux_2_24_i686.manylinux_2_28_i686.whl", hash = "sha256:1c387dc58f28aefce50955eb7f24403f05b8a2942ef22c7f08d731d1fc753a50", size = 454093, upload-time = "2026-05-06T23:54:30.702Z" },
    { url = "https://files.pythonhosted.org/packages/86/34/1a45d77fc164daef989b650254144c323462ba00895cedfcb794a7a5dbab/jpype1-1.7.1-cp313-cp313-manylinux_2_24_x86_64.manylinux_2_28_x86_64.whl", hash = "sha256:907a4dcc89cca1655fe3fad389e9f60d5c681ddf070927a9013a6d0f64ccf118", size = 438527, upload-time = "2026-05-06T23:54:33.033Z" },
    { url = "https://files.pythonhosted.org/packages/dd/10/1f47deb971c20519233577474d397255bbdc4717aa7f0192b0b505d7b47b/jpype1-1.7.1-cp313-cp313-win_amd64.whl", hash = "sha256:969e160c15ab83b21c657837797ddae3701482d3db54f57ae81c75b558942533", size = 357069, upload-time = "2026-05-06T23:54:42.379Z" },
    { url = "https://files.pythonhosted.org/packages/83/79/760198389ce7e3a6048fd54e1ab5e31139298e2d253cbb9181b1a2cbe48f/jpype1-1.7.1-cp313-cp313t-manylinux_2_24_aarch64.manylinux_2_28_aarch64.whl", hash = "sha256:0486725034916270f1c28e27bd74ef793f96d41b822956e3edf5666f99058665", size = 409596, upload-time = "2026-05-06T23:54:35.07Z" },
    { url = "https://files.pythonhosted.org/packages/7c/4e/175b0d0c8e29f7ba6e00f0588e2df06773796bd3c58fa5910cee3aefe40b/jpype1-1.7.1-cp313-cp313t-manylinux_2_24_i686.manylinux_2_28_i686.whl", hash = "sha256:39b57767ed33bba453e4c81f2dfcb39be8b3ad25eaeedd96391e171bde3c765f", size = 455365, upload-time = "2026-05-06T23:54:37.672Z" },
    { url = "https://files.pythonhosted.org/packages/29/a9/0576c3d54bfa0bd6b9392f4624bd39bc9cc924a5362ba95d16e3ad77778a/jpype1-1.7.1-cp313-cp313t-manylinux_2_24_x86_64.manylinux_2_28_x86_64.whl", hash = "sha256:7605e33971f8f16634e4786ce0a4b2d1691aebd09ca21fdc7a700e9a0f3dd6a7", size = 439563, upload-time = "2026-05-06T23:54:40.188Z" },
    { url = "https://files.pythonhosted.org/packages/91/4e/3bc23e8f50e7bbec2e0f7479346ca17fbc4811df2c710ae6be573ad9317d/jpype1-1.7.1-cp314-cp314-macosx_14_0_x86_64.whl", hash = "sha256:b5e87d88523354d3e46769e4d3244318571d6d35a170febf4f82e3ce408d54b1", size = 374428, upload-time = "2026-05-06T23:54:44.457Z" },
    { url = "https://files.pythonhosted.org/packages/59/1f/0cf0b34e73dd8622ae6fd0e2393edbc5ba5365d76349486ba02292c3cc98/jpype1-1.7.1-cp314-cp314-manylinux_2_24_aarch64.manylinux_2_28_aarch64.whl", hash = "sha256:6d32ace75bfc63ccac22258e1d2de33210cfb20d2520db0b413f2b9b1318dd96", size = 407388, upload-time = "2026-05-06T23:54:46.634Z" },
    { url = "https://files.pythonhosted.org/packages/2d/70/6c800d4e3a00200c5c8f52f32db4400623e0d9c1c5136834acb9230478ce/jpype1-1.7.1-cp314-cp314-manylinux_2_24_i686.manylinux_2_28_i686.whl", hash = "sha256:295934261cede86a6d47b3ad6fd4c259aefe07d4f292a23ea6b33a75f40b3153", size = 454007, upload-time = "2026-05-06T23:54:49.442Z" },
    { url = "https://files.pythonhosted.org/packages/b2/7f/858a229a9525bc717594dc394cc1d0677c786513285da54d0c0ba90d9342/jpype1-1.7.1-cp314-cp314-manylinux_2_24_x86_64.manylinux_2_28_x86_64.whl", hash = "sha256:29977b16a6f88a617fb274994108d816b59680fdab10edb03fd57b1da4ff3e61", size = 438408, upload-time = "2026-05-06T23:54:52.404Z" },
    { url = "https://files.pythonhosted.org/packages/09/d0/adba12d654a84c8e2af8c401acf3fe6b85d98f2ee1f6c29afecae826e871/jpype1-1.7.1-cp314-cp314-win_amd64.whl", hash = "sha256:bff1d3561afb5fdd38f8a69d03669450662c242ec245804240c1ce82c2fc5398", size = 364457, upload-time = "2026-05-06T23:55:01.661Z" },
    { url = "https://files.pythonhosted.org/packages/c2/06/e9b4c867381b0c2573e5080464586b4956de9e3b0c1f40c551f17d1052c9/jpype1-1.7.1-cp314-cp314t-manylinux_2_24_aarch64.manylinux_2_28_aarch64.whl", hash = "sha256:906381e076b2dbbbbef830a7d1be7bdde4f35e59c3c058e40f1e4a36024bcde5", size = 409453, upload-time = "2026-05-06T23:54:54.866Z" },
    { url = "https://files.pythonhosted.org/packages/2f/43/c3cb7b6c82d9f901c1316d25016d18bfad0381eb55cfc960b7f999a42ef3/jpype1-1.7.1-cp314-cp314t-manylinux_2_24_i686.manylinux_2_28_i686.whl", hash = "sha256:7bef4ac17e0b0dbb96ee6afbd8878a5fa85353e3eb3eba4fe86e1df3dd62eb1b", size = 455217, upload-time = "2026-05-06T23:54:57.552Z" },
    { url = "https://files.pythonhosted.org/packages/9f/87/f5b46e288dc3a0c7c6fb02e00f68a621035fa03cac3b6b489effd4170b13/jpype1-1.7.1-cp314-cp314t-manylinux_2_24_x86_64.manylinux_2_28_x86_64.whl", hash = "sha256:b230c9475525b29114e6396b864c154f02f7cb041f2ac6bde006ed569e579aea", size = 439454, upload-time = "2026-05-06T23:54:59.609Z" },
]

[[package]]
name = "packaging"
version = "26.2"
source = { registry = "https://pypi.org/simple" }
sdist = { url = "https://files.pythonhosted.org/packages/d7/f1/e7a6dd94a8d4a5626c03e4e99c87f241ba9e350cd9e6d75123f992427270/packaging-26.2.tar.gz", hash = "sha256:ff452ff5a3e828ce110190feff1178bb1f2ea2281fa2075aadb987c2fb221661", size = 228134, upload-time = "2026-04-24T20:15:23.917Z" }
wheels = [
    { url = "https://files.pythonhosted.org/packages/df/b2/87e62e8c3e2f4b32e5fe99e0b86d576da1312593b39f47d8ceef365e95ed/packaging-26.2-py3-none-any.whl", hash = "sha256:5fc45236b9446107ff2415ce77c807cee2862cb6fac22b8a73826d0693b0980e", size = 100195, upload-time = "2026-04-24T20:15:22.081Z" },
]

[[package]]
name = "pathspec"
version = "1.1.1"
source = { registry = "https://pypi.org/simple" }
sdist = { url = "https://files.pythonhosted.org/packages/5a/82/42f767fc1c1143d6fd36efb827202a2d997a375e160a71eb2888a925aac1/pathspec-1.1.1.tar.gz", hash = "sha256:17db5ecd524104a120e173814c90367a96a98d07c45b2e10c2f3919fff91bf5a", size = 135180, upload-time = "2026-04-27T01:46:08.907Z" }
wheels = [
    { url = "https://files.pythonhosted.org/packages/f1/d9/7fb5aa316bc299258e68c73ba3bddbc499654a07f151cba08f6153988714/pathspec-1.1.1-py3-none-any.whl", hash = "sha256:a00ce642f577bf7f473932318056212bc4f8bfdf53128c78bbd5af0b9b20b189", size = 57328, upload-time = "2026-04-27T01:46:07.06Z" },
]

[[package]]
name = "pyproject-hooks"
version = "1.2.0"
source = { registry = "https://pypi.org/simple" }
sdist = { url = "https://files.pythonhosted.org/packages/e7/82/28175b2414effca1cdac8dc99f76d660e7a4fb0ceefa4b4ab8f5f6742925/pyproject_hooks-1.2.0.tar.gz", hash = "sha256:1e859bd5c40fae9448642dd871adf459e5e2084186e8d2c2a79a824c970da1f8", size = 19228, upload-time = "2024-09-29T09:24:13.293Z" }
wheels = [
    { url = "https://files.pythonhosted.org/packages/bd/24/12818598c362d7f300f18e74db45963dbcb85150324092410c8b49405e42/pyproject_hooks-1.2.0-py3-none-any.whl", hash = "sha256:9e5c6bfa8dcc30091c74b0cf803c81fdd29d94f01992a7707bc97babb1141913", size = 10216, upload-time = "2024-09-29T09:24:11.978Z" },
]

[[package]]
name = "scikit-build-core"
version = "0.12.2"
source = { registry = "https://pypi.org/simple" }
dependencies = [
    { name = "packaging" },
    { name = "pathspec" },
]
sdist = { url = "https://files.pythonhosted.org/packages/28/cd/9ebb50029b6d8a3ee9e38cdce514ebd70190ec1edf28ab0a1f66d0b84670/scikit_build_core-0.12.2.tar.gz", hash = "sha256:562e0bbc9de1a354c87825ccf732080268d6582a0200f648e8c4a2dcb1e3736d", size = 303553, upload-time = "2026-03-05T18:25:57.666Z" }
wheels = [
    { url = "https://files.pythonhosted.org/packages/07/49/b2f0fbe3165d55c02e7f9eec6a10685d518af0ef6e919ff2f589c2d15c85/scikit_build_core-0.12.2-py3-none-any.whl", hash = "sha256:6ea4730da400f9a998ec3287bd3ebc1d751fe45ad0a93451bead8618adbc02b1", size = 192625, upload-time = "2026-03-05T18:25:56.207Z" },
]

[[package]]
name = "setuptools"
version = "82.0.1"
source = { registry = "https://pypi.org/simple" }
sdist = { url = "https://files.pythonhosted.org/packages/4f/db/cfac1baf10650ab4d1c111714410d2fbb77ac5a616db26775db562c8fab2/setuptools-82.0.1.tar.gz", hash = "sha256:7d872682c5d01cfde07da7bccc7b65469d3dca203318515ada1de5eda35efbf9", size = 1152316, upload-time = "2026-03-09T12:47:17.221Z" }
wheels = [
    { url = "https://files.pythonhosted.org/packages/9d/76/f789f7a86709c6b087c5a2f52f911838cad707cc613162401badc665acfe/setuptools-82.0.1-py3-none-any.whl", hash = "sha256:a59e362652f08dcd477c78bb6e7bd9d80a7995bc73ce773050228a348ce2e5bb", size = 1006223, upload-time = "2026-03-09T12:47:15.026Z" },
]

[[package]]
name = "uv-sdist-jdk-build"
version = "0.0.0"
source = { virtual = "." }
dependencies = [
    { name = "build" },
    { name = "jpype1" },
    { name = "scikit-build-core" },
    { name = "setuptools" },
    { name = "wheel" },
]

[package.metadata]
requires-dist = [
    { name = "build" },
    { name = "jpype1" },
    { name = "scikit-build-core" },
    { name = "setuptools" },
    { name = "wheel" },
]

[[package]]
name = "wheel"
version = "0.47.0"
source = { registry = "https://pypi.org/simple" }
dependencies = [
    { name = "packaging" },
]
sdist = { url = "https://files.pythonhosted.org/packages/39/62/75f18a0f03b4219c456652c7780e4d749b929eb605c098ce3a5b6b6bc081/wheel-0.47.0.tar.gz", hash = "sha256:cc72bd1009ba0cf63922e28f94d9d83b920aa2bb28f798a31d0691b02fa3c9b3", size = 63854, upload-time = "2026-04-22T15:51:27.727Z" }
wheels = [
    { url = "https://files.pythonhosted.org/packages/87/1b/9e33c09813d65e248f7f773119148a612516a4bea93e9c6f545f78455b7c/wheel-0.47.0-py3-none-any.whl", hash = "sha256:212281cab4dff978f6cedd499cd893e1f620791ca6ff7107cf270781e587eced", size = 32218, upload-time = "2026-04-22T15:51:26.296Z" },
]
