version = 1
revision = 3
requires-python = "==3.11.*"

[[package]]
name = "build"
version = "1.5.0"
source = { registry = "https://pypi.org/simple" }
dependencies = [
    { name = "colorama", marker = "os_name == 'nt'" },
    { name = "packaging" },
    { name = "pyproject-hooks" },
]
sdist = { url = "https://files.pythonhosted.org/packages/78/e0/df5e171f685f82f37b12e1f208064e24244911079d7b767447d1af7e0d70/build-1.5.0.tar.gz", hash = "sha256:302c22c3ba2a0fd5f3911918651341ebb3896176cbdec15bd421f80b1afc7647", size = 89796, upload-time = "2026-04-30T03:18:25.17Z" }
wheels = [
    { url = "https://files.pythonhosted.org/packages/0d/fe/6bea5c9162869c5beba5d9c8abbed835ec85bf1ec1fba05a3822325c45f3/build-1.5.0-py3-none-any.whl", hash = "sha256:13f3eecb844759ab66efec90ca17639bbf14dc06cb2fdf37a9010322d9c50a6f", size = 26018, upload-time = "2026-04-30T03:18:23.644Z" },
]

[[package]]
name = "colorama"
version = "0.4.6"
source = { registry = "https://download.pytorch.org/whl/torch_stable.html" }
wheels = [
    { url = "https://download.pytorch.org/whl/colorama-0.4.6-py2.py3-none-any.whl" },
]

[[package]]
name = "filelock"
version = "3.29.0"
source = { registry = "https://pypi.org/simple" }
sdist = { url = "https://files.pythonhosted.org/packages/b5/fe/997687a931ab51049acce6fa1f23e8f01216374ea81374ddee763c493db5/filelock-3.29.0.tar.gz", hash = "sha256:69974355e960702e789734cb4871f884ea6fe50bd8404051a3530bc07809cf90", size = 57571, upload-time = "2026-04-19T15:39:10.068Z" }
wheels = [
    { url = "https://files.pythonhosted.org/packages/81/47/dd9a212ef6e343a6857485ffe25bba537304f1913bdbed446a23f7f592e1/filelock-3.29.0-py3-none-any.whl", hash = "sha256:96f5f6344709aa1572bbf631c640e4ebeeb519e08da902c39a001882f30ac258", size = 39812, upload-time = "2026-04-19T15:39:08.752Z" },
]

[[package]]
name = "fsspec"
version = "2026.4.0"
source = { registry = "https://pypi.org/simple" }
sdist = { url = "https://files.pythonhosted.org/packages/d5/8d/1c51c094345df128ca4a990d633fe1a0ff28726c9e6b3c41ba65087bba1d/fsspec-2026.4.0.tar.gz", hash = "sha256:301d8ac70ae90ef3ad05dcf94d6c3754a097f9b5fe4667d2787aa359ec7df7e4", size = 312760, upload-time = "2026-04-29T20:42:38.635Z" }
wheels = [
    { url = "https://files.pythonhosted.org/packages/d5/0c/043d5e551459da400957a1395e0febbf771446ff34291afcbe3d8be2a279/fsspec-2026.4.0-py3-none-any.whl", hash = "sha256:11ef7bb35dab8a394fde6e608221d5cf3e8499401c249bebaeaad760a1a8dec2", size = 203402, upload-time = "2026-04-29T20:42:36.842Z" },
]

[[package]]
name = "jinja2"
version = "3.1.6"
source = { registry = "https://pypi.org/simple" }
dependencies = [
    { name = "markupsafe" },
]
sdist = { url = "https://files.pythonhosted.org/packages/df/bf/f7da0350254c0ed7c72f3e33cef02e048281fec7ecec5f032d4aac52226b/jinja2-3.1.6.tar.gz", hash = "sha256:0137fb05990d35f1275a587e9aee6d56da821fc83491a0fb838183be43f66d6d", size = 245115, upload-time = "2025-03-05T20:05:02.478Z" }
wheels = [
    { url = "https://files.pythonhosted.org/packages/62/a1/3d680cbfd5f4b8f15abc1d571870c5fc3e594bb582bc3b64ea099db13e56/jinja2-3.1.6-py3-none-any.whl", hash = "sha256:85ece4451f492d0c13c5dd7c13a64681a86afae63a5f347908daf103ce6d2f67", size = 134899, upload-time = "2025-03-05T20:05:00.369Z" },
]

[[package]]
name = "markupsafe"
version = "3.0.3"
source = { registry = "https://pypi.org/simple" }
sdist = { url = "https://files.pythonhosted.org/packages/7e/99/7690b6d4034fffd95959cbe0c02de8deb3098cc577c67bb6a24fe5d7caa7/markupsafe-3.0.3.tar.gz", hash = "sha256:722695808f4b6457b320fdc131280796bdceb04ab50fe1795cd540799ebe1698", size = 80313, upload-time = "2025-09-27T18:37:40.426Z" }
wheels = [
    { url = "https://files.pythonhosted.org/packages/08/db/fefacb2136439fc8dd20e797950e749aa1f4997ed584c62cfb8ef7c2be0e/markupsafe-3.0.3-cp311-cp311-macosx_10_9_x86_64.whl", hash = "sha256:1cc7ea17a6824959616c525620e387f6dd30fec8cb44f649e31712db02123dad", size = 11631, upload-time = "2025-09-27T18:36:18.185Z" },
    { url = "https://files.pythonhosted.org/packages/e1/2e/5898933336b61975ce9dc04decbc0a7f2fee78c30353c5efba7f2d6ff27a/markupsafe-3.0.3-cp311-cp311-macosx_11_0_arm64.whl", hash = "sha256:4bd4cd07944443f5a265608cc6aab442e4f74dff8088b0dfc8238647b8f6ae9a", size = 12058, upload-time = "2025-09-27T18:36:19.444Z" },
    { url = "https://files.pythonhosted.org/packages/1d/09/adf2df3699d87d1d8184038df46a9c80d78c0148492323f4693df54e17bb/markupsafe-3.0.3-cp311-cp311-manylinux2014_aarch64.manylinux_2_17_aarch64.manylinux_2_28_aarch64.whl", hash = "sha256:6b5420a1d9450023228968e7e6a9ce57f65d148ab56d2313fcd589eee96a7a50", size = 24287, upload-time = "2025-09-27T18:36:20.768Z" },
    { url = "https://files.pythonhosted.org/packages/30/ac/0273f6fcb5f42e314c6d8cd99effae6a5354604d461b8d392b5ec9530a54/markupsafe-3.0.3-cp311-cp311-manylinux2014_x86_64.manylinux_2_17_x86_64.manylinux_2_28_x86_64.whl", hash = "sha256:0bf2a864d67e76e5c9a34dc26ec616a66b9888e25e7b9460e1c76d3293bd9dbf", size = 22940, upload-time = "2025-09-27T18:36:22.249Z" },
    { url = "https://files.pythonhosted.org/packages/19/ae/31c1be199ef767124c042c6c3e904da327a2f7f0cd63a0337e1eca2967a8/markupsafe-3.0.3-cp311-cp311-manylinux_2_31_riscv64.manylinux_2_39_riscv64.whl", hash = "sha256:bc51efed119bc9cfdf792cdeaa4d67e8f6fcccab66ed4bfdd6bde3e59bfcbb2f", size = 21887, upload-time = "2025-09-27T18:36:23.535Z" },
    { url = "https://files.pythonhosted.org/packages/b2/76/7edcab99d5349a4532a459e1fe64f0b0467a3365056ae550d3bcf3f79e1e/markupsafe-3.0.3-cp311-cp311-musllinux_1_2_aarch64.whl", hash = "sha256:068f375c472b3e7acbe2d5318dea141359e6900156b5b2ba06a30b169086b91a", size = 23692, upload-time = "2025-09-27T18:36:24.823Z" },
    { url = "https://files.pythonhosted.org/packages/a4/28/6e74cdd26d7514849143d69f0bf2399f929c37dc2b31e6829fd2045b2765/markupsafe-3.0.3-cp311-cp311-musllinux_1_2_riscv64.whl", hash = "sha256:7be7b61bb172e1ed687f1754f8e7484f1c8019780f6f6b0786e76bb01c2ae115", size = 21471, upload-time = "2025-09-27T18:36:25.95Z" },
    { url = "https://files.pythonhosted.org/packages/62/7e/a145f36a5c2945673e590850a6f8014318d5577ed7e5920a4b3448e0865d/markupsafe-3.0.3-cp311-cp311-musllinux_1_2_x86_64.whl", hash = "sha256:f9e130248f4462aaa8e2552d547f36ddadbeaa573879158d721bbd33dfe4743a", size = 22923, upload-time = "2025-09-27T18:36:27.109Z" },
    { url = "https://files.pythonhosted.org/packages/0f/62/d9c46a7f5c9adbeeeda52f5b8d802e1094e9717705a645efc71b0913a0a8/markupsafe-3.0.3-cp311-cp311-win32.whl", hash = "sha256:0db14f5dafddbb6d9208827849fad01f1a2609380add406671a26386cdf15a19", size = 14572, upload-time = "2025-09-27T18:36:28.045Z" },
    { url = "https://files.pythonhosted.org/packages/83/8a/4414c03d3f891739326e1783338e48fb49781cc915b2e0ee052aa490d586/markupsafe-3.0.3-cp311-cp311-win_amd64.whl", hash = "sha256:de8a88e63464af587c950061a5e6a67d3632e36df62b986892331d4620a35c01", size = 15077, upload-time = "2025-09-27T18:36:29.025Z" },
    { url = "https://files.pythonhosted.org/packages/35/73/893072b42e6862f319b5207adc9ae06070f095b358655f077f69a35601f0/markupsafe-3.0.3-cp311-cp311-win_arm64.whl", hash = "sha256:3b562dd9e9ea93f13d53989d23a7e775fdfd1066c33494ff43f5418bc8c58a5c", size = 13876, upload-time = "2025-09-27T18:36:29.954Z" },
]

[[package]]
name = "mpmath"
version = "1.3.0"
source = { registry = "https://download.pytorch.org/whl/torch_stable.html" }
wheels = [
    { url = "https://download.pytorch.org/whl/mpmath-1.3.0-py3-none-any.whl" },
]

[[package]]
name = "networkx"
version = "3.6.1"
source = { registry = "https://pypi.org/simple" }
sdist = { url = "https://files.pythonhosted.org/packages/6a/51/63fe664f3908c97be9d2e4f1158eb633317598cfa6e1fc14af5383f17512/networkx-3.6.1.tar.gz", hash = "sha256:26b7c357accc0c8cde558ad486283728b65b6a95d85ee1cd66bafab4c8168509", size = 2517025, upload-time = "2025-12-08T17:02:39.908Z" }
wheels = [
    { url = "https://files.pythonhosted.org/packages/9e/c9/b2622292ea83fbb4ec318f5b9ab867d0a28ab43c5717bb85b0a5f6b3b0a4/networkx-3.6.1-py3-none-any.whl", hash = "sha256:d47fbf302e7d9cbbb9e2555a0d267983d2aa476bac30e90dfbe5669bd57f3762", size = 2068504, upload-time = "2025-12-08T17:02:38.159Z" },
]

[[package]]
name = "nvidia-cublas-cu12"
version = "12.1.3.1"
source = { registry = "https://download.pytorch.org/whl/torch_stable.html" }
wheels = [
    { url = "https://download.pytorch.org/whl/cu121/nvidia_cublas_cu12-12.1.3.1-py3-none-manylinux1_x86_64.whl" },
]

[[package]]
name = "nvidia-cuda-cupti-cu12"
version = "12.1.105"
source = { registry = "https://download.pytorch.org/whl/torch_stable.html" }
wheels = [
    { url = "https://download.pytorch.org/whl/cu121/nvidia_cuda_cupti_cu12-12.1.105-py3-none-manylinux1_x86_64.whl" },
]

[[package]]
name = "nvidia-cuda-nvrtc-cu12"
version = "12.1.105"
source = { registry = "https://download.pytorch.org/whl/torch_stable.html" }
wheels = [
    { url = "https://download.pytorch.org/whl/cu121/nvidia_cuda_nvrtc_cu12-12.1.105-py3-none-manylinux1_x86_64.whl" },
]

[[package]]
name = "nvidia-cuda-runtime-cu12"
version = "12.1.105"
source = { registry = "https://download.pytorch.org/whl/torch_stable.html" }
wheels = [
    { url = "https://download.pytorch.org/whl/cu121/nvidia_cuda_runtime_cu12-12.1.105-py3-none-manylinux1_x86_64.whl" },
]

[[package]]
name = "nvidia-cudnn-cu12"
version = "8.9.2.26"
source = { registry = "https://download.pytorch.org/whl/torch_stable.html" }
dependencies = [
    { name = "nvidia-cublas-cu12" },
]
wheels = [
    { url = "https://download.pytorch.org/whl/cu121/nvidia_cudnn_cu12-8.9.2.26-py3-none-manylinux1_x86_64.whl" },
]

[[package]]
name = "nvidia-cufft-cu12"
version = "11.0.2.54"
source = { registry = "https://download.pytorch.org/whl/torch_stable.html" }
wheels = [
    { url = "https://download.pytorch.org/whl/cu121/nvidia_cufft_cu12-11.0.2.54-py3-none-manylinux1_x86_64.whl" },
]

[[package]]
name = "nvidia-curand-cu12"
version = "10.3.2.106"
source = { registry = "https://download.pytorch.org/whl/torch_stable.html" }
wheels = [
    { url = "https://download.pytorch.org/whl/cu121/nvidia_curand_cu12-10.3.2.106-py3-none-manylinux1_x86_64.whl" },
]

[[package]]
name = "nvidia-cusolver-cu12"
version = "11.4.5.107"
source = { registry = "https://download.pytorch.org/whl/torch_stable.html" }
dependencies = [
    { name = "nvidia-cublas-cu12" },
    { name = "nvidia-cusparse-cu12" },
    { name = "nvidia-nvjitlink-cu12" },
]
wheels = [
    { url = "https://download.pytorch.org/whl/cu121/nvidia_cusolver_cu12-11.4.5.107-py3-none-manylinux1_x86_64.whl" },
]

[[package]]
name = "nvidia-cusparse-cu12"
version = "12.1.0.106"
source = { registry = "https://download.pytorch.org/whl/torch_stable.html" }
dependencies = [
    { name = "nvidia-nvjitlink-cu12" },
]
wheels = [
    { url = "https://download.pytorch.org/whl/cu121/nvidia_cusparse_cu12-12.1.0.106-py3-none-manylinux1_x86_64.whl" },
]

[[package]]
name = "nvidia-nccl-cu12"
version = "2.19.3"
source = { registry = "https://download.pytorch.org/whl/torch_stable.html" }
wheels = [
    { url = "https://download.pytorch.org/whl/cu121/nvidia_nccl_cu12-2.19.3-py3-none-manylinux1_x86_64.whl" },
]

[[package]]
name = "nvidia-nvjitlink-cu12"
version = "12.9.86"
source = { registry = "https://pypi.org/simple" }
wheels = [
    { url = "https://files.pythonhosted.org/packages/46/0c/c75bbfb967457a0b7670b8ad267bfc4fffdf341c074e0a80db06c24ccfd4/nvidia_nvjitlink_cu12-12.9.86-py3-none-manylinux2010_x86_64.manylinux_2_12_x86_64.whl", hash = "sha256:e3f1171dbdc83c5932a45f0f4c99180a70de9bd2718c1ab77d14104f6d7147f9", size = 39748338, upload-time = "2025-06-05T20:10:25.613Z" },
]

[[package]]
name = "nvidia-nvtx-cu12"
version = "12.1.105"
source = { registry = "https://download.pytorch.org/whl/torch_stable.html" }
wheels = [
    { url = "https://download.pytorch.org/whl/cu121/nvidia_nvtx_cu12-12.1.105-py3-none-manylinux1_x86_64.whl" },
]

[[package]]
name = "packaging"
version = "26.2"
source = { registry = "https://pypi.org/simple" }
sdist = { url = "https://files.pythonhosted.org/packages/d7/f1/e7a6dd94a8d4a5626c03e4e99c87f241ba9e350cd9e6d75123f992427270/packaging-26.2.tar.gz", hash = "sha256:ff452ff5a3e828ce110190feff1178bb1f2ea2281fa2075aadb987c2fb221661", size = 228134, upload-time = "2026-04-24T20:15:23.917Z" }
wheels = [
    { url = "https://files.pythonhosted.org/packages/df/b2/87e62e8c3e2f4b32e5fe99e0b86d576da1312593b39f47d8ceef365e95ed/packaging-26.2-py3-none-any.whl", hash = "sha256:5fc45236b9446107ff2415ce77c807cee2862cb6fac22b8a73826d0693b0980e", size = 100195, upload-time = "2026-04-24T20:15:22.081Z" },
]

[[package]]
name = "pyproject-hooks"
version = "1.2.0"
source = { registry = "https://pypi.org/simple" }
sdist = { url = "https://files.pythonhosted.org/packages/e7/82/28175b2414effca1cdac8dc99f76d660e7a4fb0ceefa4b4ab8f5f6742925/pyproject_hooks-1.2.0.tar.gz", hash = "sha256:1e859bd5c40fae9448642dd871adf459e5e2084186e8d2c2a79a824c970da1f8", size = 19228, upload-time = "2024-09-29T09:24:13.293Z" }
wheels = [
    { url = "https://files.pythonhosted.org/packages/bd/24/12818598c362d7f300f18e74db45963dbcb85150324092410c8b49405e42/pyproject_hooks-1.2.0-py3-none-any.whl", hash = "sha256:9e5c6bfa8dcc30091c74b0cf803c81fdd29d94f01992a7707bc97babb1141913", size = 10216, upload-time = "2024-09-29T09:24:11.978Z" },
]

[[package]]
name = "sympy"
version = "1.14.0"
source = { registry = "https://pypi.org/simple" }
dependencies = [
    { name = "mpmath" },
]
sdist = { url = "https://files.pythonhosted.org/packages/83/d3/803453b36afefb7c2bb238361cd4ae6125a569b4db67cd9e79846ba2d68c/sympy-1.14.0.tar.gz", hash = "sha256:d3d3fe8df1e5a0b42f0e7bdf50541697dbe7d23746e894990c030e2b05e72517", size = 7793921, upload-time = "2025-04-27T18:05:01.611Z" }
wheels = [
    { url = "https://files.pythonhosted.org/packages/a2/09/77d55d46fd61b4a135c444fc97158ef34a095e5681d0a6c10b75bf356191/sympy-1.14.0-py3-none-any.whl", hash = "sha256:e091cc3e99d2141a0ba2847328f5479b05d94a6635cb96148ccb3f34671bd8f5", size = 6299353, upload-time = "2025-04-27T18:04:59.103Z" },
]

[[package]]
name = "torch"
version = "2.2.1"
source = { registry = "https://download.pytorch.org/whl/torch_stable.html" }
dependencies = [
    { name = "filelock" },
    { name = "fsspec" },
    { name = "jinja2" },
    { name = "networkx" },
    { name = "nvidia-cublas-cu12", marker = "platform_machine == 'x86_64' and sys_platform == 'linux'" },
    { name = "nvidia-cuda-cupti-cu12", marker = "platform_machine == 'x86_64' and sys_platform == 'linux'" },
    { name = "nvidia-cuda-nvrtc-cu12", marker = "platform_machine == 'x86_64' and sys_platform == 'linux'" },
    { name = "nvidia-cuda-runtime-cu12", marker = "platform_machine == 'x86_64' and sys_platform == 'linux'" },
    { name = "nvidia-cudnn-cu12", marker = "platform_machine == 'x86_64' and sys_platform == 'linux'" },
    { name = "nvidia-cufft-cu12", marker = "platform_machine == 'x86_64' and sys_platform == 'linux'" },
    { name = "nvidia-curand-cu12", marker = "platform_machine == 'x86_64' and sys_platform == 'linux'" },
    { name = "nvidia-cusolver-cu12", marker = "platform_machine == 'x86_64' and sys_platform == 'linux'" },
    { name = "nvidia-cusparse-cu12", marker = "platform_machine == 'x86_64' and sys_platform == 'linux'" },
    { name = "nvidia-nccl-cu12", marker = "platform_machine == 'x86_64' and sys_platform == 'linux'" },
    { name = "nvidia-nvtx-cu12", marker = "platform_machine == 'x86_64' and sys_platform == 'linux'" },
    { name = "sympy" },
    { name = "typing-extensions" },
]
wheels = [
    { url = "https://download.pytorch.org/whl/cpu/torch-2.2.1-cp311-none-macosx_10_9_x86_64.whl" },
    { url = "https://download.pytorch.org/whl/cpu/torch-2.2.1-cp311-none-macosx_11_0_arm64.whl" },
    { url = "https://download.pytorch.org/whl/cpu/torch-2.2.1-cp311-cp311-manylinux_2_17_aarch64.manylinux2014_aarch64.whl" },
]

[[package]]
name = "typing-extensions"
version = "4.15.0"
source = { registry = "https://pypi.org/simple" }
sdist = { url = "https://files.pythonhosted.org/packages/72/94/1a15dd82efb362ac84269196e94cf00f187f7ed21c242792a923cdb1c61f/typing_extensions-4.15.0.tar.gz", hash = "sha256:0cea48d173cc12fa28ecabc3b837ea3cf6f38c6d1136f85cbaaf598984861466", size = 109391, upload-time = "2025-08-25T13:49:26.313Z" }
wheels = [
    { url = "https://files.pythonhosted.org/packages/18/67/36e9267722cc04a6b9f15c7f3441c2363321a3ea07da7ae0c0707beb2a9c/typing_extensions-4.15.0-py3-none-any.whl", hash = "sha256:f0fa19c6845758ab08074a0cfa8b7aecb71c999ca73d62883bc25cc018c4e548", size = 44614, upload-time = "2025-08-25T13:49:24.86Z" },
]

[[package]]
name = "uv-dep-hashes"
version = "0.1.0"
source = { virtual = "." }
dependencies = [
    { name = "build" },
    { name = "torch" },
]

[package.metadata]
requires-dist = [
    { name = "build", specifier = ">=1.5.0" },
    { name = "torch", specifier = "==2.2.1" },
]
