version = 1
revision = 3
requires-python = ">=3.11"

[manifest]
constraints = [{ name = "numpy", specifier = "<2" }]

[[package]]
name = "numpy"
version = "1.26.4"
source = { registry = "https://pypi.org/simple" }
sdist = { url = "https://files.pythonhosted.org/packages/65/6e/09db70a523a96d25e115e71cc56a6f9031e7b8cd166c1ac8438307c14058/numpy-1.26.4.tar.gz", hash = "sha256:2a02aba9ed12e4ac4eb3ea9421c420301a0c6460d9830d74a9df87efa4912010", size = 15786129, upload-time = "2024-02-06T00:26:44.495Z" }
wheels = [
    { url = "https://files.pythonhosted.org/packages/11/57/baae43d14fe163fa0e4c47f307b6b2511ab8d7d30177c491960504252053/numpy-1.26.4-cp311-cp311-macosx_10_9_x86_64.whl", hash = "sha256:4c66707fabe114439db9068ee468c26bbdf909cac0fb58686a42a24de1760c71", size = 20630554, upload-time = "2024-02-05T23:51:50.149Z" },
    { url = "https://files.pythonhosted.org/packages/1a/2e/151484f49fd03944c4a3ad9c418ed193cfd02724e138ac8a9505d056c582/numpy-1.26.4-cp311-cp311-macosx_11_0_arm64.whl", hash = "sha256:edd8b5fe47dab091176d21bb6de568acdd906d1887a4584a15a9a96a1dca06ef", size = 13997127, upload-time = "2024-02-05T23:52:15.314Z" },
    { url = "https://files.pythonhosted.org/packages/79/ae/7e5b85136806f9dadf4878bf73cf223fe5c2636818ba3ab1c585d0403164/numpy-1.26.4-cp311-cp311-manylinux_2_17_aarch64.manylinux2014_aarch64.whl", hash = "sha256:7ab55401287bfec946ced39700c053796e7cc0e3acbef09993a9ad2adba6ca6e", size = 14222994, upload-time = "2024-02-05T23:52:47.569Z" },
    { url = "https://files.pythonhosted.org/packages/3a/d0/edc009c27b406c4f9cbc79274d6e46d634d139075492ad055e3d68445925/numpy-1.26.4-cp311-cp311-manylinux_2_17_x86_64.manylinux2014_x86_64.whl", hash = "sha256:666dbfb6ec68962c033a450943ded891bed2d54e6755e35e5835d63f4f6931d5", size = 18252005, upload-time = "2024-02-05T23:53:15.637Z" },
    { url = "https://files.pythonhosted.org/packages/09/bf/2b1aaf8f525f2923ff6cfcf134ae5e750e279ac65ebf386c75a0cf6da06a/numpy-1.26.4-cp311-cp311-musllinux_1_1_aarch64.whl", hash = "sha256:96ff0b2ad353d8f990b63294c8986f1ec3cb19d749234014f4e7eb0112ceba5a", size = 13885297, upload-time = "2024-02-05T23:53:42.16Z" },
    { url = "https://files.pythonhosted.org/packages/df/a0/4e0f14d847cfc2a633a1c8621d00724f3206cfeddeb66d35698c4e2cf3d2/numpy-1.26.4-cp311-cp311-musllinux_1_1_x86_64.whl", hash = "sha256:60dedbb91afcbfdc9bc0b1f3f402804070deed7392c23eb7a7f07fa857868e8a", size = 18093567, upload-time = "2024-02-05T23:54:11.696Z" },
    { url = "https://files.pythonhosted.org/packages/d2/b7/a734c733286e10a7f1a8ad1ae8c90f2d33bf604a96548e0a4a3a6739b468/numpy-1.26.4-cp311-cp311-win32.whl", hash = "sha256:1af303d6b2210eb850fcf03064d364652b7120803a0b872f5211f5234b399f20", size = 5968812, upload-time = "2024-02-05T23:54:26.453Z" },
    { url = "https://files.pythonhosted.org/packages/3f/6b/5610004206cf7f8e7ad91c5a85a8c71b2f2f8051a0c0c4d5916b76d6cbb2/numpy-1.26.4-cp311-cp311-win_amd64.whl", hash = "sha256:cd25bcecc4974d09257ffcd1f098ee778f7834c3ad767fe5db785be9a4aa9cb2", size = 15811913, upload-time = "2024-02-05T23:54:53.933Z" },
    { url = "https://files.pythonhosted.org/packages/95/12/8f2020a8e8b8383ac0177dc9570aad031a3beb12e38847f7129bacd96228/numpy-1.26.4-cp312-cp312-macosx_10_9_x86_64.whl", hash = "sha256:b3ce300f3644fb06443ee2222c2201dd3a89ea6040541412b8fa189341847218", size = 20335901, upload-time = "2024-02-05T23:55:32.801Z" },
    { url = "https://files.pythonhosted.org/packages/75/5b/ca6c8bd14007e5ca171c7c03102d17b4f4e0ceb53957e8c44343a9546dcc/numpy-1.26.4-cp312-cp312-macosx_11_0_arm64.whl", hash = "sha256:03a8c78d01d9781b28a6989f6fa1bb2c4f2d51201cf99d3dd875df6fbd96b23b", size = 13685868, upload-time = "2024-02-05T23:55:56.28Z" },
    { url = "https://files.pythonhosted.org/packages/79/f8/97f10e6755e2a7d027ca783f63044d5b1bc1ae7acb12afe6a9b4286eac17/numpy-1.26.4-cp312-cp312-manylinux_2_17_aarch64.manylinux2014_aarch64.whl", hash = "sha256:9fad7dcb1aac3c7f0584a5a8133e3a43eeb2fe127f47e3632d43d677c66c102b", size = 13925109, upload-time = "2024-02-05T23:56:20.368Z" },
    { url = "https://files.pythonhosted.org/packages/0f/50/de23fde84e45f5c4fda2488c759b69990fd4512387a8632860f3ac9cd225/numpy-1.26.4-cp312-cp312-manylinux_2_17_x86_64.manylinux2014_x86_64.whl", hash = "sha256:675d61ffbfa78604709862923189bad94014bef562cc35cf61d3a07bba02a7ed", size = 17950613, upload-time = "2024-02-05T23:56:56.054Z" },
    { url = "https://files.pythonhosted.org/packages/4c/0c/9c603826b6465e82591e05ca230dfc13376da512b25ccd0894709b054ed0/numpy-1.26.4-cp312-cp312-musllinux_1_1_aarch64.whl", hash = "sha256:ab47dbe5cc8210f55aa58e4805fe224dac469cde56b9f731a4c098b91917159a", size = 13572172, upload-time = "2024-02-05T23:57:21.56Z" },
    { url = "https://files.pythonhosted.org/packages/76/8c/2ba3902e1a0fc1c74962ea9bb33a534bb05984ad7ff9515bf8d07527cadd/numpy-1.26.4-cp312-cp312-musllinux_1_1_x86_64.whl", hash = "sha256:1dda2e7b4ec9dd512f84935c5f126c8bd8b9f2fc001e9f54af255e8c5f16b0e0", size = 17786643, upload-time = "2024-02-05T23:57:56.585Z" },
    { url = "https://files.pythonhosted.org/packages/28/4a/46d9e65106879492374999e76eb85f87b15328e06bd1550668f79f7b18c6/numpy-1.26.4-cp312-cp312-win32.whl", hash = "sha256:50193e430acfc1346175fcbdaa28ffec49947a06918b7b92130744e81e640110", size = 5677803, upload-time = "2024-02-05T23:58:08.963Z" },
    { url = "https://files.pythonhosted.org/packages/16/2e/86f24451c2d530c88daf997cb8d6ac622c1d40d19f5a031ed68a4b73a374/numpy-1.26.4-cp312-cp312-win_amd64.whl", hash = "sha256:08beddf13648eb95f8d867350f6a018a4be2e5ad54c8d8caed89ebca558b2818", size = 15517754, upload-time = "2024-02-05T23:58:36.364Z" },
]

[[package]]
name = "pyarrow"
version = "14.0.1"
source = { registry = "https://pypi.org/simple" }
dependencies = [
    { name = "numpy" },
]
sdist = { url = "https://files.pythonhosted.org/packages/e0/c3/48602ef0a293af9297c0c65cdef8a2339256e485c54a4ff375d3e95d3415/pyarrow-14.0.1.tar.gz", hash = "sha256:b8b3f4fe8d4ec15e1ef9b599b94683c5216adaed78d5cb4c606180546d1e2ee1", size = 1062511, upload-time = "2023-11-08T17:19:58.15Z" }
wheels = [
    { url = "https://files.pythonhosted.org/packages/1d/a6/b333f35d513dd16294d5fa1535ddb26ec5877f800f3c71c903cc8c7c2656/pyarrow-14.0.1-cp311-cp311-macosx_10_14_x86_64.whl", hash = "sha256:c7331b4ed3401b7ee56f22c980608cf273f0380f77d0f73dd3c185f78f5a6220", size = 26892386, upload-time = "2023-11-08T17:04:35.111Z" },
    { url = "https://files.pythonhosted.org/packages/58/4e/bd9bf0aaead74ba46996cf11a608894e1867e8e5f850fd7679018a117c60/pyarrow-14.0.1-cp311-cp311-macosx_11_0_arm64.whl", hash = "sha256:922e8b49b88da8633d6cac0e1b5a690311b6758d6f5d7c2be71acb0f1e14cd61", size = 23986729, upload-time = "2023-11-08T17:05:05.514Z" },
    { url = "https://files.pythonhosted.org/packages/39/50/f7b0a7142a8f5cf627dda896451f8dea2ecf4e08f452e4b688df0aa1ece4/pyarrow-14.0.1-cp311-cp311-manylinux_2_17_aarch64.manylinux2014_aarch64.whl", hash = "sha256:58c889851ca33f992ea916b48b8540735055201b177cb0dcf0596a495a667b00", size = 35940020, upload-time = "2023-11-08T17:05:41.48Z" },
    { url = "https://files.pythonhosted.org/packages/02/35/132fcd8439b295e11094a27a9a9ef3fbc907db4f58388bd346446e82e316/pyarrow-14.0.1-cp311-cp311-manylinux_2_17_x86_64.manylinux2014_x86_64.whl", hash = "sha256:30d8494870d9916bb53b2a4384948491444741cb9a38253c590e21f836b01222", size = 38069780, upload-time = "2023-11-08T17:06:20.308Z" },
    { url = "https://files.pythonhosted.org/packages/0a/98/a75075869ff88b409df2e38bcfc27933f5cf24e84fb3a84d311410d112d3/pyarrow-14.0.1-cp311-cp311-manylinux_2_28_aarch64.whl", hash = "sha256:be28e1a07f20391bb0b15ea03dcac3aade29fc773c5eb4bee2838e9b2cdde0cb", size = 35421474, upload-time = "2023-11-08T17:07:01.443Z" },
    { url = "https://files.pythonhosted.org/packages/fe/2b/72ca700c2ecc82a05a8e2742a04853f9ebf0feab06aa4d61f37a4d5bb279/pyarrow-14.0.1-cp311-cp311-manylinux_2_28_x86_64.whl", hash = "sha256:981670b4ce0110d8dcb3246410a4aabf5714db5d8ea63b15686bce1c914b1f83", size = 37993198, upload-time = "2023-11-08T17:07:42.796Z" },
    { url = "https://files.pythonhosted.org/packages/d4/f0/607f50ec87ac4775d6124855ae6be2c48bab58aa0a660ccd46e9af52bcd9/pyarrow-14.0.1-cp311-cp311-win_amd64.whl", hash = "sha256:4756a2b373a28f6166c42711240643fb8bd6322467e9aacabd26b488fa41ec23", size = 24564125, upload-time = "2023-11-08T17:08:08.898Z" },
    { url = "https://files.pythonhosted.org/packages/d1/59/748302753f8ff305baa7afd22e9cdfe2a7a1f32a4e7c8d901f93087b65d7/pyarrow-14.0.1-cp312-cp312-macosx_10_14_x86_64.whl", hash = "sha256:cf87e2cec65dd5cf1aa4aba918d523ef56ef95597b545bbaad01e6433851aa10", size = 26807349, upload-time = "2023-11-08T17:08:36.407Z" },
    { url = "https://files.pythonhosted.org/packages/a4/89/ed4a3be452853dee8579c9a73333b779a71bba3471d4c7710358022a1582/pyarrow-14.0.1-cp312-cp312-macosx_11_0_arm64.whl", hash = "sha256:470ae0194fbfdfbf4a6b65b4f9e0f6e1fa0ea5b90c1ee6b65b38aecee53508c8", size = 23955049, upload-time = "2023-11-08T17:09:02.665Z" },
    { url = "https://files.pythonhosted.org/packages/d3/9d/caf94aa9971ec6953d45158581a84520b1e17c1e401efbc4e065dd182be7/pyarrow-14.0.1-cp312-cp312-manylinux_2_17_aarch64.manylinux2014_aarch64.whl", hash = "sha256:6263cffd0c3721c1e348062997babdf0151301f7353010c9c9a8ed47448f82ab", size = 35929348, upload-time = "2023-11-08T17:09:39.565Z" },
    { url = "https://files.pythonhosted.org/packages/27/53/14fa9879670062407f2e196e1c26a116a08c6e6cb9f633c9146d639b41f1/pyarrow-14.0.1-cp312-cp312-manylinux_2_17_x86_64.manylinux2014_x86_64.whl", hash = "sha256:7a8089d7e77d1455d529dbd7cff08898bbb2666ee48bc4085203af1d826a33cc", size = 38075484, upload-time = "2023-11-08T17:10:18.151Z" },
    { url = "https://files.pythonhosted.org/packages/81/5d/356aa9eea0bc70563f23b46c8da8181ec732af0d75de6fa715d6e6948fae/pyarrow-14.0.1-cp312-cp312-manylinux_2_28_aarch64.whl", hash = "sha256:fada8396bc739d958d0b81d291cfd201126ed5e7913cb73de6bc606befc30226", size = 35394382, upload-time = "2023-11-08T17:10:54.067Z" },
    { url = "https://files.pythonhosted.org/packages/73/78/d7c0a3045460d210c5fcbcc619fad1d0a2966f2c99ed4a868c298751b7e0/pyarrow-14.0.1-cp312-cp312-manylinux_2_28_x86_64.whl", hash = "sha256:2a145dab9ed7849fc1101bf03bcdc69913547f10513fdf70fc3ab6c0a50c7eee", size = 37990389, upload-time = "2023-11-08T17:11:36.031Z" },
    { url = "https://files.pythonhosted.org/packages/34/66/c19d4c26a47ff2720e02270eedecc89fce71dcbdca93cf8c557dd0a526d9/pyarrow-14.0.1-cp312-cp312-win_amd64.whl", hash = "sha256:05fe7994745b634c5fb16ce5717e39a1ac1fac3e2b0795232841660aa76647cd", size = 25037954, upload-time = "2023-11-08T17:12:04.29Z" },
]

[[package]]
name = "pyarrow-dot-dir-1420"
version = "0.0.0"
source = { virtual = "." }
dependencies = [
    { name = "pyarrow" },
]

[package.metadata]
requires-dist = [{ name = "pyarrow", specifier = "==14.0.1" }]
