version = 1
revision = 3
requires-python = "==3.11.*"

[[package]]
name = "jupyterlab-widgets"
version = "3.0.16"
source = { registry = "https://pypi.org/simple" }
sdist = { url = "https://files.pythonhosted.org/packages/26/2d/ef58fed122b268c69c0aa099da20bc67657cdfb2e222688d5731bd5b971d/jupyterlab_widgets-3.0.16.tar.gz", hash = "sha256:423da05071d55cf27a9e602216d35a3a65a3e41cdf9c5d3b643b814ce38c19e0", size = 897423, upload-time = "2025-11-01T21:11:29.724Z" }
wheels = [
    { url = "https://files.pythonhosted.org/packages/ab/b5/36c712098e6191d1b4e349304ef73a8d06aed77e56ceaac8c0a306c7bda1/jupyterlab_widgets-3.0.16-py3-none-any.whl", hash = "sha256:45fa36d9c6422cf2559198e4db481aa243c7a32d9926b500781c830c80f7ecf8", size = 914926, upload-time = "2025-11-01T21:11:28.008Z" },
]

[[package]]
name = "venv-data-files-1366"
version = "0.0.0"
source = { virtual = "." }
dependencies = [
    { name = "jupyterlab-widgets" },
    { name = "widgetsnbextension" },
]

[package.metadata]
requires-dist = [
    { name = "jupyterlab-widgets", specifier = "==3.0.16" },
    { name = "widgetsnbextension", specifier = "==4.0.15" },
]

[[package]]
name = "widgetsnbextension"
version = "4.0.15"
source = { registry = "https://pypi.org/simple" }
sdist = { url = "https://files.pythonhosted.org/packages/bd/f4/c67440c7fb409a71b7404b7aefcd7569a9c0d6bd071299bf4198ae7a5d95/widgetsnbextension-4.0.15.tar.gz", hash = "sha256:de8610639996f1567952d763a5a41af8af37f2575a41f9852a38f947eb82a3b9", size = 1097402, upload-time = "2025-11-01T21:15:55.178Z" }
wheels = [
    { url = "https://files.pythonhosted.org/packages/3f/0e/fa3b193432cfc60c93b42f3be03365f5f909d2b3ea410295cf36df739e31/widgetsnbextension-4.0.15-py3-none-any.whl", hash = "sha256:8156704e4346a571d9ce73b84bee86a29906c9abfd7223b7228a28899ccf3366", size = 2196503, upload-time = "2025-11-01T21:15:53.565Z" },
]
