version = 1
revision = 3
requires-python = ">=3.11"

[[package]]
name = "freethreaded-test"
version = "0.0.0"
source = { virtual = "." }
dependencies = [
    { name = "regex" },
]

[package.metadata]
requires-dist = [{ name = "regex" }]

[[package]]
name = "regex"
version = "2026.2.28"
source = { registry = "https://pypi.org/simple" }
sdist = { url = "https://files.pythonhosted.org/packages/8b/71/41455aa99a5a5ac1eaf311f5d8efd9ce6433c03ac1e0962de163350d0d97/regex-2026.2.28.tar.gz", hash = "sha256:a729e47d418ea11d03469f321aaf67cdee8954cde3ff2cf8403ab87951ad10f2", size = 415184, upload-time = "2026-02-28T02:19:42.792Z" }
wheels = [
    { url = "https://files.pythonhosted.org/packages/04/db/8cbfd0ba3f302f2d09dd0019a9fcab74b63fee77a76c937d0e33161fb8c1/regex-2026.2.28-cp311-cp311-macosx_10_9_universal2.whl", hash = "sha256:e621fb7c8dc147419b28e1702f58a0177ff8308a76fa295c71f3e7827849f5d9", size = 488462, upload-time = "2026-02-28T02:16:22.616Z" },
    { url = "https://files.pythonhosted.org/packages/5d/10/ccc22c52802223f2368731964ddd117799e1390ffc39dbb31634a83022ee/regex-2026.2.28-cp311-cp311-macosx_10_9_x86_64.whl", hash = "sha256:0d5bef2031cbf38757a0b0bc4298bb4824b6332d28edc16b39247228fbdbad97", size = 290774, upload-time = "2026-02-28T02:16:23.993Z" },
    { url = "https://files.pythonhosted.org/packages/62/b9/6796b3bf3101e64117201aaa3a5a030ec677ecf34b3cd6141b5d5c6c67d5/regex-2026.2.28-cp311-cp311-macosx_11_0_arm64.whl", hash = "sha256:bcb399ed84eabf4282587ba151f2732ad8168e66f1d3f85b1d038868fe547703", size = 288724, upload-time = "2026-02-28T02:16:25.403Z" },
    { url = "https://files.pythonhosted.org/packages/9c/02/291c0ae3f3a10cea941d0f5366da1843d8d1fa8a25b0671e20a0e454bb38/regex-2026.2.28-cp311-cp311-manylinux2014_aarch64.manylinux_2_17_aarch64.manylinux_2_28_aarch64.whl", hash = "sha256:7c1b34dfa72f826f535b20712afa9bb3ba580020e834f3c69866c5bddbf10098", size = 791924, upload-time = "2026-02-28T02:16:26.863Z" },
    { url = "https://files.pythonhosted.org/packages/0f/57/f0235cc520d9672742196c5c15098f8f703f2758d48d5a7465a56333e496/regex-2026.2.28-cp311-cp311-manylinux2014_ppc64le.manylinux_2_17_ppc64le.manylinux_2_28_ppc64le.whl", hash = "sha256:851fa70df44325e1e4cdb79c5e676e91a78147b1b543db2aec8734d2add30ec2", size = 860095, upload-time = "2026-02-28T02:16:28.772Z" },
    { url = "https://files.pythonhosted.org/packages/b3/7c/393c94cbedda79a0f5f2435ebd01644aba0b338d327eb24b4aa5b8d6c07f/regex-2026.2.28-cp311-cp311-manylinux2014_s390x.manylinux_2_17_s390x.manylinux_2_28_s390x.whl", hash = "sha256:516604edd17b1c2c3e579cf4e9b25a53bf8fa6e7cedddf1127804d3e0140ca64", size = 906583, upload-time = "2026-02-28T02:16:30.977Z" },
    { url = "https://files.pythonhosted.org/packages/2c/73/a72820f47ca5abf2b5d911d0407ba5178fc52cf9780191ed3a54f5f419a2/regex-2026.2.28-cp311-cp311-manylinux2014_x86_64.manylinux_2_17_x86_64.manylinux_2_28_x86_64.whl", hash = "sha256:e7ce83654d1ab701cb619285a18a8e5a889c1216d746ddc710c914ca5fd71022", size = 800234, upload-time = "2026-02-28T02:16:32.55Z" },
    { url = "https://files.pythonhosted.org/packages/34/b3/6e6a4b7b31fa998c4cf159a12cbeaf356386fbd1a8be743b1e80a3da51e4/regex-2026.2.28-cp311-cp311-manylinux_2_31_riscv64.manylinux_2_39_riscv64.whl", hash = "sha256:f2791948f7c70bb9335a9102df45e93d428f4b8128020d85920223925d73b9e1", size = 772803, upload-time = "2026-02-28T02:16:34.029Z" },
    { url = "https://files.pythonhosted.org/packages/10/e7/5da0280c765d5a92af5e1cd324b3fe8464303189cbaa449de9a71910e273/regex-2026.2.28-cp311-cp311-musllinux_1_2_aarch64.whl", hash = "sha256:03a83cc26aa2acda6b8b9dfe748cf9e84cbd390c424a1de34fdcef58961a297a", size = 781117, upload-time = "2026-02-28T02:16:36.253Z" },
    { url = "https://files.pythonhosted.org/packages/76/39/0b8d7efb256ae34e1b8157acc1afd8758048a1cf0196e1aec2e71fd99f4b/regex-2026.2.28-cp311-cp311-musllinux_1_2_ppc64le.whl", hash = "sha256:ec6f5674c5dc836994f50f1186dd1fafde4be0666aae201ae2fcc3d29d8adf27", size = 854224, upload-time = "2026-02-28T02:16:38.119Z" },
    { url = "https://files.pythonhosted.org/packages/21/ff/a96d483ebe8fe6d1c67907729202313895d8de8495569ec319c6f29d0438/regex-2026.2.28-cp311-cp311-musllinux_1_2_riscv64.whl", hash = "sha256:50c2fc924749543e0eacc93ada6aeeb3ea5f6715825624baa0dccaec771668ae", size = 761898, upload-time = "2026-02-28T02:16:40.333Z" },
    { url = "https://files.pythonhosted.org/packages/89/bd/d4f2e75cb4a54b484e796017e37c0d09d8a0a837de43d17e238adf163f4e/regex-2026.2.28-cp311-cp311-musllinux_1_2_s390x.whl", hash = "sha256:ba55c50f408fb5c346a3a02d2ce0ebc839784e24f7c9684fde328ff063c3cdea", size = 844832, upload-time = "2026-02-28T02:16:41.875Z" },
    { url = "https://files.pythonhosted.org/packages/8a/a7/428a135cf5e15e4e11d1e696eb2bf968362f8ea8a5f237122e96bc2ae950/regex-2026.2.28-cp311-cp311-musllinux_1_2_x86_64.whl", hash = "sha256:edb1b1b3a5576c56f08ac46f108c40333f222ebfd5cf63afdfa3aab0791ebe5b", size = 788347, upload-time = "2026-02-28T02:16:43.472Z" },
    { url = "https://files.pythonhosted.org/packages/a9/59/68691428851cf9c9c3707217ab1d9b47cfeec9d153a49919e6c368b9e926/regex-2026.2.28-cp311-cp311-win32.whl", hash = "sha256:948c12ef30ecedb128903c2c2678b339746eb7c689c5c21957c4a23950c96d15", size = 266033, upload-time = "2026-02-28T02:16:45.094Z" },
    { url = "https://files.pythonhosted.org/packages/42/8b/1483de1c57024e89296cbcceb9cccb3f625d416ddb46e570be185c9b05a9/regex-2026.2.28-cp311-cp311-win_amd64.whl", hash = "sha256:fd63453f10d29097cc3dc62d070746523973fb5aa1c66d25f8558bebd47fed61", size = 277978, upload-time = "2026-02-28T02:16:46.75Z" },
    { url = "https://files.pythonhosted.org/packages/a4/36/abec45dc6e7252e3dbc797120496e43bb5730a7abf0d9cb69340696a2f2d/regex-2026.2.28-cp311-cp311-win_arm64.whl", hash = "sha256:00f2b8d9615aa165fdff0a13f1a92049bfad555ee91e20d246a51aa0b556c60a", size = 270340, upload-time = "2026-02-28T02:16:48.626Z" },
    { url = "https://files.pythonhosted.org/packages/07/42/9061b03cf0fc4b5fa2c3984cbbaed54324377e440a5c5a29d29a72518d62/regex-2026.2.28-cp312-cp312-macosx_10_13_universal2.whl", hash = "sha256:fcf26c3c6d0da98fada8ae4ef0aa1c3405a431c0a77eb17306d38a89b02adcd7", size = 489574, upload-time = "2026-02-28T02:16:50.455Z" },
    { url = "https://files.pythonhosted.org/packages/77/83/0c8a5623a233015595e3da499c5a1c13720ac63c107897a6037bb97af248/regex-2026.2.28-cp312-cp312-macosx_10_13_x86_64.whl", hash = "sha256:02473c954af35dd2defeb07e44182f5705b30ea3f351a7cbffa9177beb14da5d", size = 291426, upload-time = "2026-02-28T02:16:52.52Z" },
    { url = "https://files.pythonhosted.org/packages/9e/06/3ef1ac6910dc3295ebd71b1f9bfa737e82cfead211a18b319d45f85ddd09/regex-2026.2.28-cp312-cp312-macosx_11_0_arm64.whl", hash = "sha256:9b65d33a17101569f86d9c5966a8b1d7fbf8afdda5a8aa219301b0a80f58cf7d", size = 289200, upload-time = "2026-02-28T02:16:54.08Z" },
    { url = "https://files.pythonhosted.org/packages/dd/c9/8cc8d850b35ab5650ff6756a1cb85286e2000b66c97520b29c1587455344/regex-2026.2.28-cp312-cp312-manylinux2014_aarch64.manylinux_2_17_aarch64.manylinux_2_28_aarch64.whl", hash = "sha256:e71dcecaa113eebcc96622c17692672c2d104b1d71ddf7adeda90da7ddeb26fc", size = 796765, upload-time = "2026-02-28T02:16:55.905Z" },
    { url = "https://files.pythonhosted.org/packages/e9/5d/57702597627fc23278ebf36fbb497ac91c0ce7fec89ac6c81e420ca3e38c/regex-2026.2.28-cp312-cp312-manylinux2014_ppc64le.manylinux_2_17_ppc64le.manylinux_2_28_ppc64le.whl", hash = "sha256:481df4623fa4969c8b11f3433ed7d5e3dc9cec0f008356c3212b3933fb77e3d8", size = 863093, upload-time = "2026-02-28T02:16:58.094Z" },
    { url = "https://files.pythonhosted.org/packages/02/6d/f3ecad537ca2811b4d26b54ca848cf70e04fcfc138667c146a9f3157779c/regex-2026.2.28-cp312-cp312-manylinux2014_s390x.manylinux_2_17_s390x.manylinux_2_28_s390x.whl", hash = "sha256:64e7c6ad614573e0640f271e811a408d79a9e1fe62a46adb602f598df42a818d", size = 909455, upload-time = "2026-02-28T02:17:00.918Z" },
    { url = "https://files.pythonhosted.org/packages/9e/40/bb226f203caa22c1043c1ca79b36340156eca0f6a6742b46c3bb222a3a57/regex-2026.2.28-cp312-cp312-manylinux2014_x86_64.manylinux_2_17_x86_64.manylinux_2_28_x86_64.whl", hash = "sha256:d6b08a06976ff4fb0d83077022fde3eca06c55432bb997d8c0495b9a4e9872f4", size = 802037, upload-time = "2026-02-28T02:17:02.842Z" },
    { url = "https://files.pythonhosted.org/packages/44/7c/c6d91d8911ac6803b45ca968e8e500c46934e58c0903cbc6d760ee817a0a/regex-2026.2.28-cp312-cp312-manylinux_2_31_riscv64.manylinux_2_39_riscv64.whl", hash = "sha256:864cdd1a2ef5716b0ab468af40139e62ede1b3a53386b375ec0786bb6783fc05", size = 775113, upload-time = "2026-02-28T02:17:04.506Z" },
    { url = "https://files.pythonhosted.org/packages/dc/8d/4a9368d168d47abd4158580b8c848709667b1cd293ff0c0c277279543bd0/regex-2026.2.28-cp312-cp312-musllinux_1_2_aarch64.whl", hash = "sha256:511f7419f7afab475fd4d639d4aedfc54205bcb0800066753ef68a59f0f330b5", size = 784194, upload-time = "2026-02-28T02:17:06.888Z" },
    { url = "https://files.pythonhosted.org/packages/cc/bf/2c72ab5d8b7be462cb1651b5cc333da1d0068740342f350fcca3bca31947/regex-2026.2.28-cp312-cp312-musllinux_1_2_ppc64le.whl", hash = "sha256:b42f7466e32bf15a961cf09f35fa6323cc72e64d3d2c990b10de1274a5da0a59", size = 856846, upload-time = "2026-02-28T02:17:09.11Z" },
    { url = "https://files.pythonhosted.org/packages/7c/f4/6b65c979bb6d09f51bb2d2a7bc85de73c01ec73335d7ddd202dcb8cd1c8f/regex-2026.2.28-cp312-cp312-musllinux_1_2_riscv64.whl", hash = "sha256:8710d61737b0c0ce6836b1da7109f20d495e49b3809f30e27e9560be67a257bf", size = 763516, upload-time = "2026-02-28T02:17:11.004Z" },
    { url = "https://files.pythonhosted.org/packages/8e/32/29ea5e27400ee86d2cc2b4e80aa059df04eaf78b4f0c18576ae077aeff68/regex-2026.2.28-cp312-cp312-musllinux_1_2_s390x.whl", hash = "sha256:4390c365fd2d45278f45afd4673cb90f7285f5701607e3ad4274df08e36140ae", size = 849278, upload-time = "2026-02-28T02:17:12.693Z" },
    { url = "https://files.pythonhosted.org/packages/1d/91/3233d03b5f865111cd517e1c95ee8b43e8b428d61fa73764a80c9bb6f537/regex-2026.2.28-cp312-cp312-musllinux_1_2_x86_64.whl", hash = "sha256:cb3b1db8ff6c7b8bf838ab05583ea15230cb2f678e569ab0e3a24d1e8320940b", size = 790068, upload-time = "2026-02-28T02:17:14.9Z" },
    { url = "https://files.pythonhosted.org/packages/76/92/abc706c1fb03b4580a09645b206a3fc032f5a9f457bc1a8038ac555658ab/regex-2026.2.28-cp312-cp312-win32.whl", hash = "sha256:f8ed9a5d4612df9d4de15878f0bc6aa7a268afbe5af21a3fdd97fa19516e978c", size = 266416, upload-time = "2026-02-28T02:17:17.15Z" },
    { url = "https://files.pythonhosted.org/packages/fa/06/2a6f7dff190e5fa9df9fb4acf2fdf17a1aa0f7f54596cba8de608db56b3a/regex-2026.2.28-cp312-cp312-win_amd64.whl", hash = "sha256:01d65fd24206c8e1e97e2e31b286c59009636c022eb5d003f52760b0f42155d4", size = 277297, upload-time = "2026-02-28T02:17:18.723Z" },
    { url = "https://files.pythonhosted.org/packages/b7/f0/58a2484851fadf284458fdbd728f580d55c1abac059ae9f048c63b92f427/regex-2026.2.28-cp312-cp312-win_arm64.whl", hash = "sha256:c0b5ccbb8ffb433939d248707d4a8b31993cb76ab1a0187ca886bf50e96df952", size = 270408, upload-time = "2026-02-28T02:17:20.328Z" },
    { url = "https://files.pythonhosted.org/packages/87/f6/dc9ef48c61b79c8201585bf37fa70cd781977da86e466cd94e8e95d2443b/regex-2026.2.28-cp313-cp313-macosx_10_13_universal2.whl", hash = "sha256:6d63a07e5ec8ce7184452cb00c41c37b49e67dc4f73b2955b5b8e782ea970784", size = 489311, upload-time = "2026-02-28T02:17:22.591Z" },
    { url = "https://files.pythonhosted.org/packages/95/c8/c20390f2232d3f7956f420f4ef1852608ad57aa26c3dd78516cb9f3dc913/regex-2026.2.28-cp313-cp313-macosx_10_13_x86_64.whl", hash = "sha256:e59bc8f30414d283ae8ee1617b13d8112e7135cb92830f0ec3688cb29152585a", size = 291285, upload-time = "2026-02-28T02:17:24.355Z" },
    { url = "https://files.pythonhosted.org/packages/d2/a6/ba1068a631ebd71a230e7d8013fcd284b7c89c35f46f34a7da02082141b1/regex-2026.2.28-cp313-cp313-macosx_11_0_arm64.whl", hash = "sha256:de0cf053139f96219ccfabb4a8dd2d217c8c82cb206c91d9f109f3f552d6b43d", size = 289051, upload-time = "2026-02-28T02:17:26.722Z" },
    { url = "https://files.pythonhosted.org/packages/1d/1b/7cc3b7af4c244c204b7a80924bd3d85aecd9ba5bc82b485c5806ee8cda9e/regex-2026.2.28-cp313-cp313-manylinux2014_aarch64.manylinux_2_17_aarch64.manylinux_2_28_aarch64.whl", hash = "sha256:fb4db2f17e6484904f986c5a657cec85574c76b5c5e61c7aae9ffa1bc6224f95", size = 796842, upload-time = "2026-02-28T02:17:29.064Z" },
    { url = "https://files.pythonhosted.org/packages/24/87/26bd03efc60e0d772ac1e7b60a2e6325af98d974e2358f659c507d3c76db/regex-2026.2.28-cp313-cp313-manylinux2014_ppc64le.manylinux_2_17_ppc64le.manylinux_2_28_ppc64le.whl", hash = "sha256:52b017b35ac2214d0db5f4f90e303634dc44e4aba4bd6235a27f97ecbe5b0472", size = 863083, upload-time = "2026-02-28T02:17:31.363Z" },
    { url = "https://files.pythonhosted.org/packages/ae/54/aeaf4afb1aa0a65e40de52a61dc2ac5b00a83c6cb081c8a1d0dda74f3010/regex-2026.2.28-cp313-cp313-manylinux2014_s390x.manylinux_2_17_s390x.manylinux_2_28_s390x.whl", hash = "sha256:69fc560ccbf08a09dc9b52ab69cacfae51e0ed80dc5693078bdc97db2f91ae96", size = 909412, upload-time = "2026-02-28T02:17:33.248Z" },
    { url = "https://files.pythonhosted.org/packages/12/2f/049901def913954e640d199bbc6a7ca2902b6aeda0e5da9d17f114100ec2/regex-2026.2.28-cp313-cp313-manylinux2014_x86_64.manylinux_2_17_x86_64.manylinux_2_28_x86_64.whl", hash = "sha256:e61eea47230eba62a31f3e8a0e3164d0f37ef9f40529fb2c79361bc6b53d2a92", size = 802101, upload-time = "2026-02-28T02:17:35.053Z" },
    { url = "https://files.pythonhosted.org/packages/7d/a5/512fb9ff7f5b15ea204bb1967ebb649059446decacccb201381f9fa6aad4/regex-2026.2.28-cp313-cp313-manylinux_2_31_riscv64.manylinux_2_39_riscv64.whl", hash = "sha256:4f5c0b182ad4269e7381b7c27fdb0408399881f7a92a4624fd5487f2971dfc11", size = 775260, upload-time = "2026-02-28T02:17:37.692Z" },
    { url = "https://files.pythonhosted.org/packages/d1/a8/9a92935878aba19bd72706b9db5646a6f993d99b3f6ed42c02ec8beb1d61/regex-2026.2.28-cp313-cp313-musllinux_1_2_aarch64.whl", hash = "sha256:96f6269a2882fbb0ee76967116b83679dc628e68eaea44e90884b8d53d833881", size = 784311, upload-time = "2026-02-28T02:17:39.855Z" },
    { url = "https://files.pythonhosted.org/packages/09/d3/fc51a8a738a49a6b6499626580554c9466d3ea561f2b72cfdc72e4149773/regex-2026.2.28-cp313-cp313-musllinux_1_2_ppc64le.whl", hash = "sha256:b5acd4b6a95f37c3c3828e5d053a7d4edaedb85de551db0153754924cb7c83e3", size = 856876, upload-time = "2026-02-28T02:17:42.317Z" },
    { url = "https://files.pythonhosted.org/packages/08/b7/2e641f3d084b120ca4c52e8c762a78da0b32bf03ef546330db3e2635dc5f/regex-2026.2.28-cp313-cp313-musllinux_1_2_riscv64.whl", hash = "sha256:2234059cfe33d9813a3677ef7667999caea9eeaa83fef98eb6ce15c6cf9e0215", size = 763632, upload-time = "2026-02-28T02:17:45.073Z" },
    { url = "https://files.pythonhosted.org/packages/fe/6d/0009021d97e79ee99f3d8641f0a8d001eed23479ade4c3125a5480bf3e2d/regex-2026.2.28-cp313-cp313-musllinux_1_2_s390x.whl", hash = "sha256:c15af43c72a7fb0c97cbc66fa36a43546eddc5c06a662b64a0cbf30d6ac40944", size = 849320, upload-time = "2026-02-28T02:17:47.192Z" },
    { url = "https://files.pythonhosted.org/packages/05/7a/51cfbad5758f8edae430cb21961a9c8d04bce1dae4d2d18d4186eec7cfa1/regex-2026.2.28-cp313-cp313-musllinux_1_2_x86_64.whl", hash = "sha256:9185cc63359862a6e80fe97f696e04b0ad9a11c4ac0a4a927f979f611bfe3768", size = 790152, upload-time = "2026-02-28T02:17:49.067Z" },
    { url = "https://files.pythonhosted.org/packages/90/3d/a83e2b6b3daa142acb8c41d51de3876186307d5cb7490087031747662500/regex-2026.2.28-cp313-cp313-win32.whl", hash = "sha256:fb66e5245db9652abd7196ace599b04d9c0e4aa7c8f0e2803938377835780081", size = 266398, upload-time = "2026-02-28T02:17:50.744Z" },
    { url = "https://files.pythonhosted.org/packages/85/4f/16e9ebb1fe5425e11b9596c8d57bf8877dcb32391da0bfd33742e3290637/regex-2026.2.28-cp313-cp313-win_amd64.whl", hash = "sha256:71a911098be38c859ceb3f9a9ce43f4ed9f4c6720ad8684a066ea246b76ad9ff", size = 277282, upload-time = "2026-02-28T02:17:53.074Z" },
    { url = "https://files.pythonhosted.org/packages/07/b4/92851335332810c5a89723bf7a7e35c7209f90b7d4160024501717b28cc9/regex-2026.2.28-cp313-cp313-win_arm64.whl", hash = "sha256:39bb5727650b9a0275c6a6690f9bb3fe693a7e6cc5c3155b1240aedf8926423e", size = 270382, upload-time = "2026-02-28T02:17:54.888Z" },
    { url = "https://files.pythonhosted.org/packages/24/07/6c7e4cec1e585959e96cbc24299d97e4437a81173217af54f1804994e911/regex-2026.2.28-cp313-cp313t-macosx_10_13_universal2.whl", hash = "sha256:97054c55db06ab020342cc0d35d6f62a465fa7662871190175f1ad6c655c028f", size = 492541, upload-time = "2026-02-28T02:17:56.813Z" },
    { url = "https://files.pythonhosted.org/packages/7c/13/55eb22ada7f43d4f4bb3815b6132183ebc331c81bd496e2d1f3b8d862e0d/regex-2026.2.28-cp313-cp313t-macosx_10_13_x86_64.whl", hash = "sha256:0d25a10811de831c2baa6aef3c0be91622f44dd8d31dd12e69f6398efb15e48b", size = 292984, upload-time = "2026-02-28T02:17:58.538Z" },
    { url = "https://files.pythonhosted.org/packages/5b/11/c301f8cb29ce9644a5ef85104c59244e6e7e90994a0f458da4d39baa8e17/regex-2026.2.28-cp313-cp313t-macosx_11_0_arm64.whl", hash = "sha256:d6cfe798d8da41bb1862ed6e0cba14003d387c3c0c4a5d45591076ae9f0ce2f8", size = 291509, upload-time = "2026-02-28T02:18:00.208Z" },
    { url = "https://files.pythonhosted.org/packages/b5/43/aabe384ec1994b91796e903582427bc2ffaed9c4103819ed3c16d8e749f3/regex-2026.2.28-cp313-cp313t-manylinux2014_aarch64.manylinux_2_17_aarch64.manylinux_2_28_aarch64.whl", hash = "sha256:fd0ce43e71d825b7c0661f9c54d4d74bd97c56c3fd102a8985bcfea48236bacb", size = 809429, upload-time = "2026-02-28T02:18:02.328Z" },
    { url = "https://files.pythonhosted.org/packages/04/b8/8d2d987a816720c4f3109cee7c06a4b24ad0e02d4fc74919ab619e543737/regex-2026.2.28-cp313-cp313t-manylinux2014_ppc64le.manylinux_2_17_ppc64le.manylinux_2_28_ppc64le.whl", hash = "sha256:00945d007fd74a9084d2ab79b695b595c6b7ba3698972fadd43e23230c6979c1", size = 869422, upload-time = "2026-02-28T02:18:04.23Z" },
    { url = "https://files.pythonhosted.org/packages/fc/ad/2c004509e763c0c3719f97c03eca26473bffb3868d54c5f280b8cd4f9e3d/regex-2026.2.28-cp313-cp313t-manylinux2014_s390x.manylinux_2_17_s390x.manylinux_2_28_s390x.whl", hash = "sha256:bec23c11cbbf09a4df32fe50d57cbdd777bc442269b6e39a1775654f1c95dee2", size = 915175, upload-time = "2026-02-28T02:18:06.791Z" },
    { url = "https://files.pythonhosted.org/packages/55/c2/fd429066da487ef555a9da73bf214894aec77fc8c66a261ee355a69871a8/regex-2026.2.28-cp313-cp313t-manylinux2014_x86_64.manylinux_2_17_x86_64.manylinux_2_28_x86_64.whl", hash = "sha256:5cdcc17d935c8f9d3f4db5c2ebe2640c332e3822ad5d23c2f8e0228e6947943a", size = 812044, upload-time = "2026-02-28T02:18:08.736Z" },
    { url = "https://files.pythonhosted.org/packages/5b/ca/feedb7055c62a3f7f659971bf45f0e0a87544b6b0cf462884761453f97c5/regex-2026.2.28-cp313-cp313t-manylinux_2_31_riscv64.manylinux_2_39_riscv64.whl", hash = "sha256:a448af01e3d8031c89c5d902040b124a5e921a25c4e5e07a861ca591ce429341", size = 782056, upload-time = "2026-02-28T02:18:10.777Z" },
    { url = "https://files.pythonhosted.org/packages/95/30/1aa959ed0d25c1dd7dd5047ea8ba482ceaef38ce363c401fd32a6b923e60/regex-2026.2.28-cp313-cp313t-musllinux_1_2_aarch64.whl", hash = "sha256:10d28e19bd4888e4abf43bd3925f3c134c52fdf7259219003588a42e24c2aa25", size = 798743, upload-time = "2026-02-28T02:18:13.025Z" },
    { url = "https://files.pythonhosted.org/packages/3b/1f/dadb9cf359004784051c897dcf4d5d79895f73a1bbb7b827abaa4814ae80/regex-2026.2.28-cp313-cp313t-musllinux_1_2_ppc64le.whl", hash = "sha256:99985a2c277dcb9ccb63f937451af5d65177af1efdeb8173ac55b61095a0a05c", size = 864633, upload-time = "2026-02-28T02:18:16.84Z" },
    { url = "https://files.pythonhosted.org/packages/a7/f1/b9a25eb24e1cf79890f09e6ec971ee5b511519f1851de3453bc04f6c902b/regex-2026.2.28-cp313-cp313t-musllinux_1_2_riscv64.whl", hash = "sha256:e1e7b24cb3ae9953a560c563045d1ba56ee4749fbd05cf21ba571069bd7be81b", size = 770862, upload-time = "2026-02-28T02:18:18.892Z" },
    { url = "https://files.pythonhosted.org/packages/02/9a/c5cb10b7aa6f182f9247a30cc9527e326601f46f4df864ac6db588d11fcd/regex-2026.2.28-cp313-cp313t-musllinux_1_2_s390x.whl", hash = "sha256:d8511a01d0e4ee1992eb3ba19e09bc1866fe03f05129c3aec3fdc4cbc77aad3f", size = 854788, upload-time = "2026-02-28T02:18:21.475Z" },
    { url = "https://files.pythonhosted.org/packages/0a/50/414ba0731c4bd40b011fa4703b2cc86879ec060c64f2a906e65a56452589/regex-2026.2.28-cp313-cp313t-musllinux_1_2_x86_64.whl", hash = "sha256:aaffaecffcd2479ce87aa1e74076c221700b7c804e48e98e62500ee748f0f550", size = 800184, upload-time = "2026-02-28T02:18:23.492Z" },
    { url = "https://files.pythonhosted.org/packages/69/50/0c7290987f97e7e6830b0d853f69dc4dc5852c934aae63e7fdcd76b4c383/regex-2026.2.28-cp313-cp313t-win32.whl", hash = "sha256:ef77bdde9c9eba3f7fa5b58084b29bbcc74bcf55fdbeaa67c102a35b5bd7e7cc", size = 269137, upload-time = "2026-02-28T02:18:25.375Z" },
    { url = "https://files.pythonhosted.org/packages/68/80/ef26ff90e74ceb4051ad6efcbbb8a4be965184a57e879ebcbdef327d18fa/regex-2026.2.28-cp313-cp313t-win_amd64.whl", hash = "sha256:98adf340100cbe6fbaf8e6dc75e28f2c191b1be50ffefe292fb0e6f6eefdb0d8", size = 280682, upload-time = "2026-02-28T02:18:27.205Z" },
    { url = "https://files.pythonhosted.org/packages/69/8b/fbad9c52e83ffe8f97e3ed1aa0516e6dff6bb633a41da9e64645bc7efdc5/regex-2026.2.28-cp313-cp313t-win_arm64.whl", hash = "sha256:2fb950ac1d88e6b6a9414381f403797b236f9fa17e1eee07683af72b1634207b", size = 271735, upload-time = "2026-02-28T02:18:29.015Z" },
    { url = "https://files.pythonhosted.org/packages/cf/03/691015f7a7cb1ed6dacb2ea5de5682e4858e05a4c5506b2839cd533bbcd6/regex-2026.2.28-cp314-cp314-macosx_10_13_universal2.whl", hash = "sha256:78454178c7df31372ea737996fb7f36b3c2c92cccc641d251e072478afb4babc", size = 489497, upload-time = "2026-02-28T02:18:30.889Z" },
    { url = "https://files.pythonhosted.org/packages/c6/ba/8db8fd19afcbfa0e1036eaa70c05f20ca8405817d4ad7a38a6b4c2f031ac/regex-2026.2.28-cp314-cp314-macosx_10_13_x86_64.whl", hash = "sha256:5d10303dd18cedfd4d095543998404df656088240bcfd3cd20a8f95b861f74bd", size = 291295, upload-time = "2026-02-28T02:18:33.426Z" },
    { url = "https://files.pythonhosted.org/packages/5a/79/9aa0caf089e8defef9b857b52fc53801f62ff868e19e5c83d4a96612eba1/regex-2026.2.28-cp314-cp314-macosx_11_0_arm64.whl", hash = "sha256:19a9c9e0a8f24f39d575a6a854d516b48ffe4cbdcb9de55cb0570a032556ecff", size = 289275, upload-time = "2026-02-28T02:18:35.247Z" },
    { url = "https://files.pythonhosted.org/packages/eb/26/ee53117066a30ef9c883bf1127eece08308ccf8ccd45c45a966e7a665385/regex-2026.2.28-cp314-cp314-manylinux2014_aarch64.manylinux_2_17_aarch64.manylinux_2_28_aarch64.whl", hash = "sha256:09500be324f49b470d907b3ef8af9afe857f5cca486f853853f7945ddbf75911", size = 797176, upload-time = "2026-02-28T02:18:37.15Z" },
    { url = "https://files.pythonhosted.org/packages/05/1b/67fb0495a97259925f343ae78b5d24d4a6624356ae138b57f18bd43006e4/regex-2026.2.28-cp314-cp314-manylinux2014_ppc64le.manylinux_2_17_ppc64le.manylinux_2_28_ppc64le.whl", hash = "sha256:fb1c4ff62277d87a7335f2c1ea4e0387b8f2b3ad88a64efd9943906aafad4f33", size = 863813, upload-time = "2026-02-28T02:18:39.478Z" },
    { url = "https://files.pythonhosted.org/packages/a0/1d/93ac9bbafc53618091c685c7ed40239a90bf9f2a82c983f0baa97cb7ae07/regex-2026.2.28-cp314-cp314-manylinux2014_s390x.manylinux_2_17_s390x.manylinux_2_28_s390x.whl", hash = "sha256:b8b3f1be1738feadc69f62daa250c933e85c6f34fa378f54a7ff43807c1b9117", size = 908678, upload-time = "2026-02-28T02:18:41.619Z" },
    { url = "https://files.pythonhosted.org/packages/c7/7a/a8f5e0561702b25239846a16349feece59712ae20598ebb205580332a471/regex-2026.2.28-cp314-cp314-manylinux2014_x86_64.manylinux_2_17_x86_64.manylinux_2_28_x86_64.whl", hash = "sha256:dc8ed8c3f41c27acb83f7b6a9eb727a73fc6663441890c5cb3426a5f6a91ce7d", size = 801528, upload-time = "2026-02-28T02:18:43.624Z" },
    { url = "https://files.pythonhosted.org/packages/96/5d/ed6d4cbde80309854b1b9f42d9062fee38ade15f7eb4909f6ef2440403b5/regex-2026.2.28-cp314-cp314-manylinux_2_31_riscv64.manylinux_2_39_riscv64.whl", hash = "sha256:fa539be029844c0ce1114762d2952ab6cfdd7c7c9bd72e0db26b94c3c36dcc5a", size = 775373, upload-time = "2026-02-28T02:18:46.102Z" },
    { url = "https://files.pythonhosted.org/packages/6a/e9/6e53c34e8068b9deec3e87210086ecb5b9efebdefca6b0d3fa43d66dcecb/regex-2026.2.28-cp314-cp314-musllinux_1_2_aarch64.whl", hash = "sha256:7900157786428a79615a8264dac1f12c9b02957c473c8110c6b1f972dcecaddf", size = 784859, upload-time = "2026-02-28T02:18:48.269Z" },
    { url = "https://files.pythonhosted.org/packages/48/3c/736e1c7ca7f0dcd2ae33819888fdc69058a349b7e5e84bc3e2f296bbf794/regex-2026.2.28-cp314-cp314-musllinux_1_2_ppc64le.whl", hash = "sha256:0b1d2b07614d95fa2bf8a63fd1e98bd8fa2b4848dc91b1efbc8ba219fdd73952", size = 857813, upload-time = "2026-02-28T02:18:50.576Z" },
    { url = "https://files.pythonhosted.org/packages/6e/7c/48c4659ad9da61f58e79dbe8c05223e0006696b603c16eb6b5cbfbb52c27/regex-2026.2.28-cp314-cp314-musllinux_1_2_riscv64.whl", hash = "sha256:b389c61aa28a79c2e0527ac36da579869c2e235a5b208a12c5b5318cda2501d8", size = 763705, upload-time = "2026-02-28T02:18:52.59Z" },
    { url = "https://files.pythonhosted.org/packages/cf/a1/bc1c261789283128165f71b71b4b221dd1b79c77023752a6074c102f18d8/regex-2026.2.28-cp314-cp314-musllinux_1_2_s390x.whl", hash = "sha256:f467cb602f03fbd1ab1908f68b53c649ce393fde056628dc8c7e634dab6bfc07", size = 848734, upload-time = "2026-02-28T02:18:54.595Z" },
    { url = "https://files.pythonhosted.org/packages/10/d8/979407faf1397036e25a5ae778157366a911c0f382c62501009f4957cf86/regex-2026.2.28-cp314-cp314-musllinux_1_2_x86_64.whl", hash = "sha256:e8c8cb2deba42f5ec1ede46374e990f8adc5e6456a57ac1a261b19be6f28e4e6", size = 789871, upload-time = "2026-02-28T02:18:57.34Z" },
    { url = "https://files.pythonhosted.org/packages/03/23/da716821277115fcb1f4e3de1e5dc5023a1e6533598c486abf5448612579/regex-2026.2.28-cp314-cp314-win32.whl", hash = "sha256:9036b400b20e4858d56d117108d7813ed07bb7803e3eed766675862131135ca6", size = 271825, upload-time = "2026-02-28T02:18:59.202Z" },
    { url = "https://files.pythonhosted.org/packages/91/ff/90696f535d978d5f16a52a419be2770a8d8a0e7e0cfecdbfc31313df7fab/regex-2026.2.28-cp314-cp314-win_amd64.whl", hash = "sha256:1d367257cd86c1cbb97ea94e77b373a0bbc2224976e247f173d19e8f18b4afa7", size = 280548, upload-time = "2026-02-28T02:19:01.049Z" },
    { url = "https://files.pythonhosted.org/packages/69/f9/5e1b5652fc0af3fcdf7677e7df3ad2a0d47d669b34ac29a63bb177bb731b/regex-2026.2.28-cp314-cp314-win_arm64.whl", hash = "sha256:5e68192bb3a1d6fb2836da24aa494e413ea65853a21505e142e5b1064a595f3d", size = 273444, upload-time = "2026-02-28T02:19:03.255Z" },
    { url = "https://files.pythonhosted.org/packages/d3/eb/8389f9e940ac89bcf58d185e230a677b4fd07c5f9b917603ad5c0f8fa8fe/regex-2026.2.28-cp314-cp314t-macosx_10_13_universal2.whl", hash = "sha256:a5dac14d0872eeb35260a8e30bac07ddf22adc1e3a0635b52b02e180d17c9c7e", size = 492546, upload-time = "2026-02-28T02:19:05.378Z" },
    { url = "https://files.pythonhosted.org/packages/7b/c7/09441d27ce2a6fa6a61ea3150ea4639c1dcda9b31b2ea07b80d6937b24dd/regex-2026.2.28-cp314-cp314t-macosx_10_13_x86_64.whl", hash = "sha256:ec0c608b7a7465ffadb344ed7c987ff2f11ee03f6a130b569aa74d8a70e8333c", size = 292986, upload-time = "2026-02-28T02:19:07.24Z" },
    { url = "https://files.pythonhosted.org/packages/fb/69/4144b60ed7760a6bd235e4087041f487aa4aa62b45618ce018b0c14833ea/regex-2026.2.28-cp314-cp314t-macosx_11_0_arm64.whl", hash = "sha256:c7815afb0ca45456613fdaf60ea9c993715511c8d53a83bc468305cbc0ee23c7", size = 291518, upload-time = "2026-02-28T02:19:09.698Z" },
    { url = "https://files.pythonhosted.org/packages/2d/be/77e5426cf5948c82f98c53582009ca9e94938c71f73a8918474f2e2990bb/regex-2026.2.28-cp314-cp314t-manylinux2014_aarch64.manylinux_2_17_aarch64.manylinux_2_28_aarch64.whl", hash = "sha256:b059e71ec363968671693a78c5053bd9cb2fe410f9b8e4657e88377ebd603a2e", size = 809464, upload-time = "2026-02-28T02:19:12.494Z" },
    { url = "https://files.pythonhosted.org/packages/45/99/2c8c5ac90dc7d05c6e7d8e72c6a3599dc08cd577ac476898e91ca787d7f1/regex-2026.2.28-cp314-cp314t-manylinux2014_ppc64le.manylinux_2_17_ppc64le.manylinux_2_28_ppc64le.whl", hash = "sha256:b8cf76f1a29f0e99dcfd7aef1551a9827588aae5a737fe31442021165f1920dc", size = 869553, upload-time = "2026-02-28T02:19:15.151Z" },
    { url = "https://files.pythonhosted.org/packages/53/34/daa66a342f0271e7737003abf6c3097aa0498d58c668dbd88362ef94eb5d/regex-2026.2.28-cp314-cp314t-manylinux2014_s390x.manylinux_2_17_s390x.manylinux_2_28_s390x.whl", hash = "sha256:180e08a435a0319e6a4821c3468da18dc7001987e1c17ae1335488dfe7518dd8", size = 915289, upload-time = "2026-02-28T02:19:17.331Z" },
    { url = "https://files.pythonhosted.org/packages/c5/c7/e22c2aaf0a12e7e22ab19b004bb78d32ca1ecc7ef245949935463c5567de/regex-2026.2.28-cp314-cp314t-manylinux2014_x86_64.manylinux_2_17_x86_64.manylinux_2_28_x86_64.whl", hash = "sha256:1e496956106fd59ba6322a8ea17141a27c5040e5ee8f9433ae92d4e5204462a0", size = 812156, upload-time = "2026-02-28T02:19:20.011Z" },
    { url = "https://files.pythonhosted.org/packages/7f/bb/2dc18c1efd9051cf389cd0d7a3a4d90f6804b9fff3a51b5dc3c85b935f71/regex-2026.2.28-cp314-cp314t-manylinux_2_31_riscv64.manylinux_2_39_riscv64.whl", hash = "sha256:bba2b18d70eeb7b79950f12f633beeecd923f7c9ad6f6bae28e59b4cb3ab046b", size = 782215, upload-time = "2026-02-28T02:19:22.047Z" },
    { url = "https://files.pythonhosted.org/packages/17/1e/9e4ec9b9013931faa32226ec4aa3c71fe664a6d8a2b91ac56442128b332f/regex-2026.2.28-cp314-cp314t-musllinux_1_2_aarch64.whl", hash = "sha256:6db7bfae0f8a2793ff1f7021468ea55e2699d0790eb58ee6ab36ae43aa00bc5b", size = 798925, upload-time = "2026-02-28T02:19:24.173Z" },
    { url = "https://files.pythonhosted.org/packages/71/57/a505927e449a9ccb41e2cc8d735e2abe3444b0213d1cf9cb364a8c1f2524/regex-2026.2.28-cp314-cp314t-musllinux_1_2_ppc64le.whl", hash = "sha256:d0b02e8b7e5874b48ae0f077ecca61c1a6a9f9895e9c6dfb191b55b242862033", size = 864701, upload-time = "2026-02-28T02:19:26.376Z" },
    { url = "https://files.pythonhosted.org/packages/a6/ad/c62cb60cdd93e13eac5b3d9d6bd5d284225ed0e3329426f94d2552dd7cca/regex-2026.2.28-cp314-cp314t-musllinux_1_2_riscv64.whl", hash = "sha256:25b6eb660c5cf4b8c3407a1ed462abba26a926cc9965e164268a3267bcc06a43", size = 770899, upload-time = "2026-02-28T02:19:29.38Z" },
    { url = "https://files.pythonhosted.org/packages/3c/5a/874f861f5c3d5ab99633e8030dee1bc113db8e0be299d1f4b07f5b5ec349/regex-2026.2.28-cp314-cp314t-musllinux_1_2_s390x.whl", hash = "sha256:5a932ea8ad5d0430351ff9c76c8db34db0d9f53c1d78f06022a21f4e290c5c18", size = 854727, upload-time = "2026-02-28T02:19:31.494Z" },
    { url = "https://files.pythonhosted.org/packages/6b/ca/d2c03b0efde47e13db895b975b2be6a73ed90b8ba963677927283d43bf74/regex-2026.2.28-cp314-cp314t-musllinux_1_2_x86_64.whl", hash = "sha256:1c2c95e1a2b0f89d01e821ff4de1be4b5d73d1f4b0bf679fa27c1ad8d2327f1a", size = 800366, upload-time = "2026-02-28T02:19:34.248Z" },
    { url = "https://files.pythonhosted.org/packages/14/bd/ee13b20b763b8989f7c75d592bfd5de37dc1181814a2a2747fedcf97e3ba/regex-2026.2.28-cp314-cp314t-win32.whl", hash = "sha256:bbb882061f742eb5d46f2f1bd5304055be0a66b783576de3d7eef1bed4778a6e", size = 274936, upload-time = "2026-02-28T02:19:36.313Z" },
    { url = "https://files.pythonhosted.org/packages/cb/e7/d8020e39414c93af7f0d8688eabcecece44abfd5ce314b21dfda0eebd3d8/regex-2026.2.28-cp314-cp314t-win_amd64.whl", hash = "sha256:6591f281cb44dc13de9585b552cec6fc6cf47fb2fe7a48892295ee9bc4a612f9", size = 284779, upload-time = "2026-02-28T02:19:38.625Z" },
    { url = "https://files.pythonhosted.org/packages/13/c0/ad225f4a405827486f1955283407cf758b6d2fb966712644c5f5aef33d1b/regex-2026.2.28-cp314-cp314t-win_arm64.whl", hash = "sha256:dee50f1be42222f89767b64b283283ef963189da0dda4a515aa54a5563c62dec", size = 275010, upload-time = "2026-02-28T02:19:40.65Z" },
]
