version = 1
revision = 3
requires-python = ">=3.11"

[[package]]
name = "all-locks-ambiguous-version"
version = "0.0.0"
source = { virtual = "." }
dependencies = [{ name = "demo", version = "1.0.0" }]

[package.metadata]
requires-dist = [{ name = "demo" }]

[[package]]
name = "demo"
version = "1.0.0"
source = { registry = "https://pypi.org/simple" }
wheels = [{ url = "https://example.invalid/demo-1.0.0-py3-none-any.whl", hash = "sha256:0000000000000000000000000000000000000000000000000000000000000000", size = 1 }]

[[package]]
name = "demo"
version = "2.0.0"
source = { registry = "https://pypi.org/simple" }
wheels = [{ url = "https://example.invalid/demo-2.0.0-py3-none-any.whl", hash = "sha256:0000000000000000000000000000000000000000000000000000000000000000", size = 1 }]
