version = 1
revision = 3
requires-python = ">=3.10"
resolution-markers = [
    "sys_platform == 'linux'",
    "sys_platform != 'linux'",
]

[[package]]
name = "group-multi-version"
version = "0.0.0"
source = { virtual = "." }

[package.dev-dependencies]
depctx-py-multiver-uv = [
    { name = "retrying" },
    { name = "six", version = "1.16.0", source = { registry = "https://pypi.org/simple" }, marker = "sys_platform == 'linux'" },
    { name = "six", version = "1.17.0", source = { registry = "https://pypi.org/simple" }, marker = "sys_platform != 'linux'" },
]

[package.metadata]

[package.metadata.requires-dev]
depctx-py-multiver-uv = [
    { name = "retrying", specifier = "==1.3.4" },
    { name = "six", marker = "sys_platform != 'linux'", specifier = "==1.17.0" },
    { name = "six", marker = "sys_platform == 'linux'", specifier = "==1.16.0" },
]

[[package]]
name = "retrying"
version = "1.3.4"
source = { registry = "https://pypi.org/simple" }
dependencies = [
    { name = "six", version = "1.16.0", source = { registry = "https://pypi.org/simple" }, marker = "sys_platform == 'linux'" },
    { name = "six", version = "1.17.0", source = { registry = "https://pypi.org/simple" }, marker = "sys_platform != 'linux'" },
]
sdist = { url = "https://files.pythonhosted.org/packages/ce/70/15ce8551d65b324e18c5aa6ef6998880f21ead51ebe5ed743c0950d7d9dd/retrying-1.3.4.tar.gz", hash = "sha256:345da8c5765bd982b1d1915deb9102fd3d1f7ad16bd84a9700b85f64d24e8f3e", size = 10929, upload-time = "2022-11-25T09:57:49.43Z" }
wheels = [
    { url = "https://files.pythonhosted.org/packages/8f/04/9e36f28be4c0532c0e9207ff9dc01fb13a2b0eb036476a213b0000837d0e/retrying-1.3.4-py3-none-any.whl", hash = "sha256:8cc4d43cb8e1125e0ff3344e9de678fefd85db3b750b81b2240dc0183af37b35", size = 11602, upload-time = "2022-11-25T09:57:47.494Z" },
]

[[package]]
name = "six"
version = "1.16.0"
source = { registry = "https://pypi.org/simple" }
resolution-markers = [
    "sys_platform == 'linux'",
]
sdist = { url = "https://files.pythonhosted.org/packages/71/39/171f1c67cd00715f190ba0b100d606d440a28c93c7714febeca8b79af85e/six-1.16.0.tar.gz", hash = "sha256:1e61c37477a1626458e36f7b1d82aa5c9b094fa4802892072e49de9c60c4c926", size = 34041, upload-time = "2021-05-05T14:18:18.379Z" }
wheels = [
    { url = "https://files.pythonhosted.org/packages/d9/5a/e7c31adbe875f2abbb91bd84cf2dc52d792b5a01506781dbcf25c91daf11/six-1.16.0-py2.py3-none-any.whl", hash = "sha256:8abb2f1d86890a2dfb989f9a77cfcfd3e47c2a354b01111771326f8aa26e0254", size = 11053, upload-time = "2021-05-05T14:18:17.237Z" },
]

[[package]]
name = "six"
version = "1.17.0"
source = { registry = "https://pypi.org/simple" }
resolution-markers = [
    "sys_platform != 'linux'",
]
sdist = { url = "https://files.pythonhosted.org/packages/94/e7/b2c673351809dca68a0e064b6af791aa332cf192da575fd474ed7d6f16a2/six-1.17.0.tar.gz", hash = "sha256:ff70335d468e7eb6ec65b95b99d3a2836546063f63acc5171de367e834932a81", size = 34031, upload-time = "2024-12-04T17:35:28.174Z" }
wheels = [
    { url = "https://files.pythonhosted.org/packages/b7/ce/149a00dd41f10bc29e5921b496af8b574d8413afcd5e30dfa0ed46c2cc5e/six-1.17.0-py2.py3-none-any.whl", hash = "sha256:4721f391ed90541fddacab5acf947aa0d3dc7d27b2e1e8eda2be8970586c3274", size = 11050, upload-time = "2024-12-04T17:35:26.475Z" },
]
